<?xml version="1.0" encoding="utf-8"?>
<Project ToolsVersion="15.0" xmlns="http://schemas.microsoft.com/developer/msbuild/2003">
  <ItemGroup>
    <ClCompile Include="D:\GitHub\FreeRDP\client\Windows\wf_gdi.c">
      <Filter>Source Files</Filter>
    </ClCompile>
    <ClCompile Include="D:\GitHub\FreeRDP\client\Windows\wf_event.c">
      <Filter>Source Files</Filter>
    </ClCompile>
    <ClCompile Include="D:\GitHub\FreeRDP\client\Windows\wf_channels.c">
      <Filter>Source Files</Filter>
    </ClCompile>
    <ClCompile Include="D:\GitHub\FreeRDP\client\Windows\wf_graphics.c">
      <Filter>Source Files</Filter>
    </ClCompile>
    <ClCompile Include="D:\GitHub\FreeRDP\client\Windows\wf_cliprdr.c">
      <Filter>Source Files</Filter>
    </ClCompile>
    <ClCompile Include="D:\GitHub\FreeRDP\client\Windows\wf_rail.c">
      <Filter>Source Files</Filter>
    </ClCompile>
    <ClCompile Include="D:\GitHub\FreeRDP\client\Windows\wf_client.c">
      <Filter>Source Files</Filter>
    </ClCompile>
    <ClCompile Include="D:\GitHub\FreeRDP\client\Windows\wf_floatbar.c">
      <Filter>Source Files</Filter>
    </ClCompile>
    <ClCompile Include="D:\GitHub\FreeRDP\client\Windows\cli\wfreerdp.c">
      <Filter>Source Files</Filter>
    </ClCompile>
  </ItemGroup>
  <ItemGroup>
    <ClInclude Include="D:\GitHub\FreeRDP\client\Windows\wf_gdi.h">
      <Filter>Header Files</Filter>
    </ClInclude>
    <ClInclude Include="D:\GitHub\FreeRDP\client\Windows\wf_event.h">
      <Filter>Header Files</Filter>
    </ClInclude>
    <ClInclude Include="D:\GitHub\FreeRDP\client\Windows\wf_channels.h">
      <Filter>Header Files</Filter>
    </ClInclude>
    <ClInclude Include="D:\GitHub\FreeRDP\client\Windows\wf_graphics.h">
      <Filter>Header Files</Filter>
    </ClInclude>
    <ClInclude Include="D:\GitHub\FreeRDP\client\Windows\wf_cliprdr.h">
      <Filter>Header Files</Filter>
    </ClInclude>
    <ClInclude Include="D:\GitHub\FreeRDP\client\Windows\wf_rail.h">
      <Filter>Header Files</Filter>
    </ClInclude>
    <ClInclude Include="D:\GitHub\FreeRDP\client\Windows\wf_client.h">
      <Filter>Header Files</Filter>
    </ClInclude>
    <ClInclude Include="D:\GitHub\FreeRDP\client\Windows\wf_floatbar.h">
      <Filter>Header Files</Filter>
    </ClInclude>
    <ClInclude Include="D:\GitHub\FreeRDP\client\Windows\resource.h">
      <Filter>Header Files</Filter>
    </ClInclude>
    <ClInclude Include="D:\GitHub\FreeRDP\client\Windows\cli\wfreerdp.h">
      <Filter>Header Files</Filter>
    </ClInclude>
  </ItemGroup>
  <ItemGroup>
    <ResourceCompile Include="D:\GitHub\FreeRDP\client\Windows\wfreerdp.rc">
      <Filter>Source Files</Filter>
    </ResourceCompile>
    <ResourceCompile Include="D:\GitHub\FreeRDP\client\Windows\version.rc">
      <Filter>Source Files</Filter>
    </ResourceCompile>
  </ItemGroup>
  <ItemGroup>
    <Filter Include="Header Files">
      <UniqueIdentifier>{51087120-252D-35EA-96AE-55F6724B9655}</UniqueIdentifier>
    </Filter>
    <Filter Include="Source Files">
      <UniqueIdentifier>{A899640F-ECAE-3163-B907-1EF18CB362F4}</UniqueIdentifier>
    </Filter>
  </ItemGroup>
</Project>
