Microsoft Visual Studio Solution File, Format Version 12.00
# Visual Studio 15
VisualStudioVersion = 15.0.26403.7
MinimumVisualStudioVersion = 10.0.40219.1
Project("{2150E333-8FDC-42A3-9474-1A3956D46DE8}") = "Client", "Client", "{4FE6DCF3-14D6-324E-9123-6C2D76F1FC5B}"
EndProject
Project("{2150E333-8FDC-42A3-9474-1A3956D46DE8}") = "Windows", "Windows", "{9CDEE8F9-426A-32CE-B600-4CD35476DAB4}"
EndProject
Project("{2150E333-8FDC-42A3-9474-1A3956D46DE8}") = "WinPR", "WinPR", "{97B58667-315C-3DB2-ADF4-67800328BB8A}"
EndProject
Project("{2150E333-8FDC-42A3-9474-1A3956D46DE8}") = "Tools", "Tools", "{91EE3143-C7AC-3483-A26F-D346522351C3}"
EndProject
Project("{2150E333-8FDC-42A3-9474-1A3956D46DE8}") = "libwinpr", "libwinpr", "{EDDC1978-F62A-3B94-A0EF-4F00591512BA}"
EndProject
Project("{8BC9CEB8-8B4A-11D0-8D11-00A0C91BC942}") = "wfreerdp-client", "client\Windows\wfreerdp-client.vcxproj", "{91A8E9B0-EBD9-3DE9-8144-F20A4DDA7E03}"
	ProjectSection(ProjectDependencies) = postProject
		{6CEF80CC-1806-31DC-B31B-F03F7BA7FB5F} = {6CEF80CC-1806-31DC-B31B-F03F7BA7FB5F}
	EndProjectSection
EndProject
Project("{8BC9CEB8-8B4A-11D0-8D11-00A0C91BC942}") = "winpr", "winpr\libwinpr\winpr.vcxproj", "{6CEF80CC-1806-31DC-B31B-F03F7BA7FB5F}"
EndProject
Project("{8BC9CEB8-8B4A-11D0-8D11-00A0C91BC942}") = "winpr-hash", "winpr\tools\hash-cli\winpr-hash.vcxproj", "{48A11AE8-DDC4-3432-8CCB-BD715795F890}"
	ProjectSection(ProjectDependencies) = postProject
		{6CEF80CC-1806-31DC-B31B-F03F7BA7FB5F} = {6CEF80CC-1806-31DC-B31B-F03F7BA7FB5F}
	EndProjectSection
EndProject
Project("{8BC9CEB8-8B4A-11D0-8D11-00A0C91BC942}") = "winpr-makecert", "winpr\tools\makecert-cli\winpr-makecert.vcxproj", "{3492F2A7-77D2-3261-9874-43F0315A672F}"
	ProjectSection(ProjectDependencies) = postProject
		{6CEF80CC-1806-31DC-B31B-F03F7BA7FB5F} = {6CEF80CC-1806-31DC-B31B-F03F7BA7FB5F}
		{CD776501-FD9C-3535-9A11-5DA8D7713FAB} = {CD776501-FD9C-3535-9A11-5DA8D7713FAB}
	EndProjectSection
EndProject
Project("{8BC9CEB8-8B4A-11D0-8D11-00A0C91BC942}") = "winpr-tools", "winpr\tools\winpr-tools.vcxproj", "{CD776501-FD9C-3535-9A11-5DA8D7713FAB}"
	ProjectSection(ProjectDependencies) = postProject
		{6CEF80CC-1806-31DC-B31B-F03F7BA7FB5F} = {6CEF80CC-1806-31DC-B31B-F03F7BA7FB5F}
	EndProjectSection
EndProject
Global
	GlobalSection(SolutionConfigurationPlatforms) = preSolution
		Debug|Win32 = Debug|Win32
		MinSizeRel|Win32 = MinSizeRel|Win32
		Release|Win32 = Release|Win32
		RelWithDebInfo|Win32 = RelWithDebInfo|Win32
	EndGlobalSection
	GlobalSection(ProjectConfigurationPlatforms) = postSolution
		{91A8E9B0-EBD9-3DE9-8144-F20A4DDA7E03}.Debug|Win32.ActiveCfg = Debug|Win32
		{91A8E9B0-EBD9-3DE9-8144-F20A4DDA7E03}.Debug|Win32.Build.0 = Debug|Win32
		{91A8E9B0-EBD9-3DE9-8144-F20A4DDA7E03}.MinSizeRel|Win32.ActiveCfg = MinSizeRel|Win32
		{91A8E9B0-EBD9-3DE9-8144-F20A4DDA7E03}.MinSizeRel|Win32.Build.0 = MinSizeRel|Win32
		{91A8E9B0-EBD9-3DE9-8144-F20A4DDA7E03}.Release|Win32.ActiveCfg = Release|Win32
		{91A8E9B0-EBD9-3DE9-8144-F20A4DDA7E03}.Release|Win32.Build.0 = Release|Win32
		{91A8E9B0-EBD9-3DE9-8144-F20A4DDA7E03}.RelWithDebInfo|Win32.ActiveCfg = RelWithDebInfo|Win32
		{91A8E9B0-EBD9-3DE9-8144-F20A4DDA7E03}.RelWithDebInfo|Win32.Build.0 = RelWithDebInfo|Win32
		{6CEF80CC-1806-31DC-B31B-F03F7BA7FB5F}.Debug|Win32.ActiveCfg = Debug|Win32
		{6CEF80CC-1806-31DC-B31B-F03F7BA7FB5F}.Debug|Win32.Build.0 = Debug|Win32
		{6CEF80CC-1806-31DC-B31B-F03F7BA7FB5F}.MinSizeRel|Win32.ActiveCfg = MinSizeRel|Win32
		{6CEF80CC-1806-31DC-B31B-F03F7BA7FB5F}.MinSizeRel|Win32.Build.0 = MinSizeRel|Win32
		{6CEF80CC-1806-31DC-B31B-F03F7BA7FB5F}.Release|Win32.ActiveCfg = Release|Win32
		{6CEF80CC-1806-31DC-B31B-F03F7BA7FB5F}.Release|Win32.Build.0 = Release|Win32
		{6CEF80CC-1806-31DC-B31B-F03F7BA7FB5F}.RelWithDebInfo|Win32.ActiveCfg = RelWithDebInfo|Win32
		{6CEF80CC-1806-31DC-B31B-F03F7BA7FB5F}.RelWithDebInfo|Win32.Build.0 = RelWithDebInfo|Win32
		{48A11AE8-DDC4-3432-8CCB-BD715795F890}.Debug|Win32.ActiveCfg = Debug|Win32
		{48A11AE8-DDC4-3432-8CCB-BD715795F890}.Debug|Win32.Build.0 = Debug|Win32
		{48A11AE8-DDC4-3432-8CCB-BD715795F890}.MinSizeRel|Win32.ActiveCfg = MinSizeRel|Win32
		{48A11AE8-DDC4-3432-8CCB-BD715795F890}.MinSizeRel|Win32.Build.0 = MinSizeRel|Win32
		{48A11AE8-DDC4-3432-8CCB-BD715795F890}.Release|Win32.ActiveCfg = Release|Win32
		{48A11AE8-DDC4-3432-8CCB-BD715795F890}.Release|Win32.Build.0 = Release|Win32
		{48A11AE8-DDC4-3432-8CCB-BD715795F890}.RelWithDebInfo|Win32.ActiveCfg = RelWithDebInfo|Win32
		{48A11AE8-DDC4-3432-8CCB-BD715795F890}.RelWithDebInfo|Win32.Build.0 = RelWithDebInfo|Win32
		{3492F2A7-77D2-3261-9874-43F0315A672F}.Debug|Win32.ActiveCfg = Debug|Win32
		{3492F2A7-77D2-3261-9874-43F0315A672F}.Debug|Win32.Build.0 = Debug|Win32
		{3492F2A7-77D2-3261-9874-43F0315A672F}.MinSizeRel|Win32.ActiveCfg = MinSizeRel|Win32
		{3492F2A7-77D2-3261-9874-43F0315A672F}.MinSizeRel|Win32.Build.0 = MinSizeRel|Win32
		{3492F2A7-77D2-3261-9874-43F0315A672F}.Release|Win32.ActiveCfg = Release|Win32
		{3492F2A7-77D2-3261-9874-43F0315A672F}.Release|Win32.Build.0 = Release|Win32
		{3492F2A7-77D2-3261-9874-43F0315A672F}.RelWithDebInfo|Win32.ActiveCfg = RelWithDebInfo|Win32
		{3492F2A7-77D2-3261-9874-43F0315A672F}.RelWithDebInfo|Win32.Build.0 = RelWithDebInfo|Win32
		{CD776501-FD9C-3535-9A11-5DA8D7713FAB}.Debug|Win32.ActiveCfg = Debug|Win32
		{CD776501-FD9C-3535-9A11-5DA8D7713FAB}.Debug|Win32.Build.0 = Debug|Win32
		{CD776501-FD9C-3535-9A11-5DA8D7713FAB}.MinSizeRel|Win32.ActiveCfg = MinSizeRel|Win32
		{CD776501-FD9C-3535-9A11-5DA8D7713FAB}.MinSizeRel|Win32.Build.0 = MinSizeRel|Win32
		{CD776501-FD9C-3535-9A11-5DA8D7713FAB}.Release|Win32.ActiveCfg = Release|Win32
		{CD776501-FD9C-3535-9A11-5DA8D7713FAB}.Release|Win32.Build.0 = Release|Win32
		{CD776501-FD9C-3535-9A11-5DA8D7713FAB}.RelWithDebInfo|Win32.ActiveCfg = RelWithDebInfo|Win32
		{CD776501-FD9C-3535-9A11-5DA8D7713FAB}.RelWithDebInfo|Win32.Build.0 = RelWithDebInfo|Win32
	EndGlobalSection
	GlobalSection(SolutionProperties) = preSolution
		HideSolutionNode = FALSE
	EndGlobalSection
	GlobalSection(NestedProjects) = preSolution
		{9CDEE8F9-426A-32CE-B600-4CD35476DAB4} = {4FE6DCF3-14D6-324E-9123-6C2D76F1FC5B}
		{91EE3143-C7AC-3483-A26F-D346522351C3} = {97B58667-315C-3DB2-ADF4-67800328BB8A}
		{EDDC1978-F62A-3B94-A0EF-4F00591512BA} = {97B58667-315C-3DB2-ADF4-67800328BB8A}
		{91A8E9B0-EBD9-3DE9-8144-F20A4DDA7E03} = {9CDEE8F9-426A-32CE-B600-4CD35476DAB4}
		{6CEF80CC-1806-31DC-B31B-F03F7BA7FB5F} = {EDDC1978-F62A-3B94-A0EF-4F00591512BA}
		{48A11AE8-DDC4-3432-8CCB-BD715795F890} = {91EE3143-C7AC-3483-A26F-D346522351C3}
		{3492F2A7-77D2-3261-9874-43F0315A672F} = {91EE3143-C7AC-3483-A26F-D346522351C3}
		{CD776501-FD9C-3535-9A11-5DA8D7713FAB} = {91EE3143-C7AC-3483-A26F-D346522351C3}
	EndGlobalSection
	GlobalSection(ExtensibilityGlobals) = postSolution
		SolutionGuid = {F9A195ED-53C1-3653-A07D-C6DA95A5F132}
	EndGlobalSection
EndGlobal
