Microsoft Visual Studio Solution File, Format Version 12.00
# Visual Studio 15
VisualStudioVersion = 15.0.26403.7
MinimumVisualStudioVersion = 10.0.40219.1
Project("{2150E333-8FDC-42A3-9474-1A3956D46DE8}") = "CMakePredefinedTargets", "CMakePredefinedTargets", "{D24918BF-F770-35D7-AAF5-5E1A918FB826}"
EndProject
Project("{2150E333-8FDC-42A3-9474-1A3956D46DE8}") = "Channels", "Channels", "{27FBD3A6-70C9-3A72-B128-C9F0CDE1506D}"
EndProject
Project("{2150E333-8FDC-42A3-9474-1A3956D46DE8}") = "audin", "audin", "{2937D1DC-D055-39B4-8033-0E02D922AF52}"
EndProject
Project("{2150E333-8FDC-42A3-9474-1A3956D46DE8}") = "Client", "Client", "{DE5FEE34-211E-34D4-A3E8-BE7197104858}"
EndProject
Project("{2150E333-8FDC-42A3-9474-1A3956D46DE8}") = "winmm", "winmm", "{298EC1A5-9874-361D-8629-50EBCBF52F00}"
EndProject
Project("{2150E333-8FDC-42A3-9474-1A3956D46DE8}") = "cliprdr", "cliprdr", "{A2AF0F15-1528-3A82-B606-D7F992E79EB6}"
EndProject
Project("{2150E333-8FDC-42A3-9474-1A3956D46DE8}") = "Client", "Client", "{8C18CD68-9354-32D5-B93D-CC29E172390E}"
EndProject
Project("{2150E333-8FDC-42A3-9474-1A3956D46DE8}") = "disp", "disp", "{8CEED3C8-EEFE-36F8-87B0-1DED8156E8A7}"
EndProject
Project("{2150E333-8FDC-42A3-9474-1A3956D46DE8}") = "Client", "Client", "{EDFBC485-0ACF-3FBD-93E4-168038A3A26B}"
EndProject
Project("{2150E333-8FDC-42A3-9474-1A3956D46DE8}") = "drdynvc", "drdynvc", "{42EAF3E8-874F-377F-8670-D9CE5B0870C9}"
EndProject
Project("{2150E333-8FDC-42A3-9474-1A3956D46DE8}") = "Client", "Client", "{11B063EB-1D18-3582-BC3E-654A71E1D5CE}"
EndProject
Project("{2150E333-8FDC-42A3-9474-1A3956D46DE8}") = "drive", "drive", "{86A6F607-0FCD-3BF7-A7C6-9CF93FB105BC}"
EndProject
Project("{2150E333-8FDC-42A3-9474-1A3956D46DE8}") = "Client", "Client", "{72642F40-6D71-3E19-9AE2-DBD71BD07521}"
EndProject
Project("{2150E333-8FDC-42A3-9474-1A3956D46DE8}") = "echo", "echo", "{4FFACBA5-9E29-386F-BCB2-CFBA11D55577}"
EndProject
Project("{2150E333-8FDC-42A3-9474-1A3956D46DE8}") = "Client", "Client", "{433B28CD-3455-37ED-B13F-12997E0BFC1A}"
EndProject
Project("{2150E333-8FDC-42A3-9474-1A3956D46DE8}") = "encomsp", "encomsp", "{752E5916-E291-32A5-92D0-F6E3721A303F}"
EndProject
Project("{2150E333-8FDC-42A3-9474-1A3956D46DE8}") = "Client", "Client", "{55CEA050-0CB7-36D3-8D61-12260AD4DB01}"
EndProject
Project("{2150E333-8FDC-42A3-9474-1A3956D46DE8}") = "geometry", "geometry", "{830CC8EE-692B-3F2F-A04C-70CCD94E7EF8}"
EndProject
Project("{2150E333-8FDC-42A3-9474-1A3956D46DE8}") = "Client", "Client", "{61D0D129-B35A-3E95-A6BA-8849B2044B82}"
EndProject
Project("{2150E333-8FDC-42A3-9474-1A3956D46DE8}") = "printer", "printer", "{E837F018-9BAC-391F-A88D-9DB317B8C24C}"
EndProject
Project("{2150E333-8FDC-42A3-9474-1A3956D46DE8}") = "Client", "Client", "{06C27F28-3188-34A5-9938-5BF6C8958DE5}"
EndProject
Project("{2150E333-8FDC-42A3-9474-1A3956D46DE8}") = "rail", "rail", "{031CC3F2-C142-373A-82A9-42A9BA9483B3}"
EndProject
Project("{2150E333-8FDC-42A3-9474-1A3956D46DE8}") = "Client", "Client", "{B167FCA6-4B90-335E-8353-493487018B8B}"
EndProject
Project("{2150E333-8FDC-42A3-9474-1A3956D46DE8}") = "rdpdr", "rdpdr", "{ED7D4A2A-4C9B-32EF-8E36-ED9A5D1BD024}"
EndProject
Project("{2150E333-8FDC-42A3-9474-1A3956D46DE8}") = "Client", "Client", "{B4425B45-6D04-3AD3-84FF-A5030839FF26}"
EndProject
Project("{2150E333-8FDC-42A3-9474-1A3956D46DE8}") = "rdpei", "rdpei", "{D6A32E98-45CA-3A59-B6F8-09C262BF73A1}"
EndProject
Project("{2150E333-8FDC-42A3-9474-1A3956D46DE8}") = "Client", "Client", "{9623601E-E857-325D-B552-CD049CE105D9}"
EndProject
Project("{2150E333-8FDC-42A3-9474-1A3956D46DE8}") = "rdpgfx", "rdpgfx", "{7DF6C545-A821-3BE2-A05A-B24C8EB89931}"
EndProject
Project("{2150E333-8FDC-42A3-9474-1A3956D46DE8}") = "Client", "Client", "{31DD0157-CDC8-35AB-A2D8-11CA95A02AFC}"
EndProject
Project("{2150E333-8FDC-42A3-9474-1A3956D46DE8}") = "rdpsnd", "rdpsnd", "{6A29EF53-5419-3D41-BED9-FEB2B54D6E75}"
EndProject
Project("{2150E333-8FDC-42A3-9474-1A3956D46DE8}") = "Client", "Client", "{A36D1666-0A57-3D02-8CF9-D5CE88C1DFF8}"
EndProject
Project("{2150E333-8FDC-42A3-9474-1A3956D46DE8}") = "Fake", "Fake", "{65C9F4F3-97E0-30DA-936A-1418095BAC52}"
EndProject
Project("{2150E333-8FDC-42A3-9474-1A3956D46DE8}") = "WinMM", "WinMM", "{F729F3B1-6797-30E9-8DDE-3A2344905462}"
EndProject
Project("{2150E333-8FDC-42A3-9474-1A3956D46DE8}") = "remdesk", "remdesk", "{60B6FECD-EA7E-30AD-9CD3-3EA4ADC0C817}"
EndProject
Project("{2150E333-8FDC-42A3-9474-1A3956D46DE8}") = "Client", "Client", "{AD6FD8FC-5638-3F5B-AF4B-DB0CDFC51627}"
EndProject
Project("{2150E333-8FDC-42A3-9474-1A3956D46DE8}") = "smartcard", "smartcard", "{0BD01552-CF32-3398-9EC4-DBDF3E5C6C7C}"
EndProject
Project("{2150E333-8FDC-42A3-9474-1A3956D46DE8}") = "Client", "Client", "{AD90847C-A1DF-3786-99CF-75622F5CFCD4}"
EndProject
Project("{2150E333-8FDC-42A3-9474-1A3956D46DE8}") = "video", "video", "{6EDE8F2B-9480-355F-B0DF-7A68DFBFE668}"
EndProject
Project("{2150E333-8FDC-42A3-9474-1A3956D46DE8}") = "Client", "Client", "{43C08803-2A33-3148-9CBB-D68EA66228A3}"
EndProject
Project("{2150E333-8FDC-42A3-9474-1A3956D46DE8}") = "Client", "Client", "{5221E310-5B35-35B8-895B-693639626EA2}"
EndProject
Project("{2150E333-8FDC-42A3-9474-1A3956D46DE8}") = "Common", "Common", "{D32304BE-B860-35A6-9C8D-3F4FF2347F4D}"
EndProject
Project("{2150E333-8FDC-42A3-9474-1A3956D46DE8}") = "Windows", "Windows", "{4BAA158E-56DD-34EF-8769-06022601A576}"
EndProject
Project("{2150E333-8FDC-42A3-9474-1A3956D46DE8}") = "FreeRDP", "FreeRDP", "{ECCDF33E-AEA6-39BF-9404-AE8F2914D295}"
EndProject
Project("{2150E333-8FDC-42A3-9474-1A3956D46DE8}") = "libfreerdp", "libfreerdp", "{67AD1A95-CF33-3B7A-B2C6-D96636A8B229}"
EndProject
Project("{2150E333-8FDC-42A3-9474-1A3956D46DE8}") = "RdTk", "RdTk", "{E556E63A-4136-3D1B-9DF8-1F8F7A692320}"
EndProject
Project("{2150E333-8FDC-42A3-9474-1A3956D46DE8}") = "WinPR", "WinPR", "{C7EEA3E4-5FED-352B-93C2-86CAF5B05F1B}"
EndProject
Project("{2150E333-8FDC-42A3-9474-1A3956D46DE8}") = "Tools", "Tools", "{666256E3-CB1C-3B46-9927-E7AD685864B9}"
EndProject
Project("{2150E333-8FDC-42A3-9474-1A3956D46DE8}") = "libwinpr", "libwinpr", "{0F5123CA-19B8-350A-BD4F-A4DB94D0D0D6}"
EndProject
Project("{8BC9CEB8-8B4A-11D0-8D11-00A0C91BC942}") = "ALL_BUILD", "ALL_BUILD.vcxproj", "{72DB73EE-70A1-3FFF-BF66-0075EAA0494E}"
	ProjectSection(ProjectDependencies) = postProject
		{C31C554A-4458-3492-BB4E-B7BA13A85896} = {C31C554A-4458-3492-BB4E-B7BA13A85896}
		{EB9F2422-E213-3A53-8537-5817A3548016} = {EB9F2422-E213-3A53-8537-5817A3548016}
		{24F42DD9-58CD-3BEE-8F21-47C7F0BF41B9} = {24F42DD9-58CD-3BEE-8F21-47C7F0BF41B9}
		{C883C92D-0F07-321A-847C-03BB45FF963F} = {C883C92D-0F07-321A-847C-03BB45FF963F}
		{EDC0AF1B-9140-33C5-B85E-21BC5F498507} = {EDC0AF1B-9140-33C5-B85E-21BC5F498507}
		{09C749DE-F35C-3210-AB61-EA1C9C30C2DF} = {09C749DE-F35C-3210-AB61-EA1C9C30C2DF}
		{C82F822B-186C-3F28-AA2E-EE5E702AAB0E} = {C82F822B-186C-3F28-AA2E-EE5E702AAB0E}
		{F02DA192-8A67-33E6-85CF-111C65A78CFC} = {F02DA192-8A67-33E6-85CF-111C65A78CFC}
		{74F34DD4-5EDC-3BDF-9433-A4D5A5152B32} = {74F34DD4-5EDC-3BDF-9433-A4D5A5152B32}
		{41ABFC0C-7B84-344B-B0D8-885A1098C01E} = {41ABFC0C-7B84-344B-B0D8-885A1098C01E}
		{7EAD7FFE-E976-33A9-91C9-8469104245DB} = {7EAD7FFE-E976-33A9-91C9-8469104245DB}
		{3DFA8286-D4C0-3400-AAD4-B879EAC345C5} = {3DFA8286-D4C0-3400-AAD4-B879EAC345C5}
		{AD3A65C4-BC3D-3CBE-800C-AB40E67718CC} = {AD3A65C4-BC3D-3CBE-800C-AB40E67718CC}
		{3D31FE39-88FF-3AB1-8575-1927EC68308C} = {3D31FE39-88FF-3AB1-8575-1927EC68308C}
		{02D3EEE4-13E9-3AAF-A314-917107CD3550} = {02D3EEE4-13E9-3AAF-A314-917107CD3550}
		{17CEF496-7EF4-3671-8877-6BD5F74292D9} = {17CEF496-7EF4-3671-8877-6BD5F74292D9}
		{ABD31983-4CE8-3A08-BF7C-13EE82AA48E2} = {ABD31983-4CE8-3A08-BF7C-13EE82AA48E2}
		{AFE2F405-1F27-356F-8960-4361E7CD2C8A} = {AFE2F405-1F27-356F-8960-4361E7CD2C8A}
		{95B8D1E8-D34C-3C61-8CB8-FC9BEEBD8F4D} = {95B8D1E8-D34C-3C61-8CB8-FC9BEEBD8F4D}
		{0064267A-6CAC-30B7-9B29-F18C8E4C9DB5} = {0064267A-6CAC-30B7-9B29-F18C8E4C9DB5}
		{44F2B05E-A329-3BD3-82B7-AE109E3833E1} = {44F2B05E-A329-3BD3-82B7-AE109E3833E1}
		{BBB7A2E1-9356-3B2D-96E7-A5283A76BE3B} = {BBB7A2E1-9356-3B2D-96E7-A5283A76BE3B}
		{16266A00-A343-334B-9631-724882F14973} = {16266A00-A343-334B-9631-724882F14973}
		{352DD91F-B7E8-3086-81BF-6B5254E341A9} = {352DD91F-B7E8-3086-81BF-6B5254E341A9}
		{25A02BD2-E6CA-3248-86D6-0A18B3EF81AF} = {25A02BD2-E6CA-3248-86D6-0A18B3EF81AF}
		{B593F5DD-9620-3313-806F-E69AAC333EFA} = {B593F5DD-9620-3313-806F-E69AAC333EFA}
		{FE2D332D-9E27-33CE-886B-F06E3D5C3D36} = {FE2D332D-9E27-33CE-886B-F06E3D5C3D36}
		{62F9DA80-41C3-3456-B4F1-037F99D5DF01} = {62F9DA80-41C3-3456-B4F1-037F99D5DF01}
	EndProjectSection
EndProject
Project("{8BC9CEB8-8B4A-11D0-8D11-00A0C91BC942}") = "INSTALL", "INSTALL.vcxproj", "{FF17215D-0397-37F1-847C-FD6D72281FC5}"
	ProjectSection(ProjectDependencies) = postProject
		{72DB73EE-70A1-3FFF-BF66-0075EAA0494E} = {72DB73EE-70A1-3FFF-BF66-0075EAA0494E}
	EndProjectSection
EndProject
Project("{8BC9CEB8-8B4A-11D0-8D11-00A0C91BC942}") = "PACKAGE", "PACKAGE.vcxproj", "{30AE572E-53FF-368D-88F0-11BB595C67D7}"
	ProjectSection(ProjectDependencies) = postProject
		{72DB73EE-70A1-3FFF-BF66-0075EAA0494E} = {72DB73EE-70A1-3FFF-BF66-0075EAA0494E}
	EndProjectSection
EndProject
Project("{8BC9CEB8-8B4A-11D0-8D11-00A0C91BC942}") = "audin-client", "channels\audin\client\audin-client.vcxproj", "{C31C554A-4458-3492-BB4E-B7BA13A85896}"
	ProjectSection(ProjectDependencies) = postProject
		{74F34DD4-5EDC-3BDF-9433-A4D5A5152B32} = {74F34DD4-5EDC-3BDF-9433-A4D5A5152B32}
		{25A02BD2-E6CA-3248-86D6-0A18B3EF81AF} = {25A02BD2-E6CA-3248-86D6-0A18B3EF81AF}
	EndProjectSection
EndProject
Project("{8BC9CEB8-8B4A-11D0-8D11-00A0C91BC942}") = "audin-client-winmm", "channels\audin\client\winmm\audin-client-winmm.vcxproj", "{EB9F2422-E213-3A53-8537-5817A3548016}"
	ProjectSection(ProjectDependencies) = postProject
		{74F34DD4-5EDC-3BDF-9433-A4D5A5152B32} = {74F34DD4-5EDC-3BDF-9433-A4D5A5152B32}
		{25A02BD2-E6CA-3248-86D6-0A18B3EF81AF} = {25A02BD2-E6CA-3248-86D6-0A18B3EF81AF}
	EndProjectSection
EndProject
Project("{8BC9CEB8-8B4A-11D0-8D11-00A0C91BC942}") = "cliprdr-client", "channels\cliprdr\client\cliprdr-client.vcxproj", "{24F42DD9-58CD-3BEE-8F21-47C7F0BF41B9}"
EndProject
Project("{8BC9CEB8-8B4A-11D0-8D11-00A0C91BC942}") = "disp-client", "channels\disp\client\disp-client.vcxproj", "{C883C92D-0F07-321A-847C-03BB45FF963F}"
	ProjectSection(ProjectDependencies) = postProject
		{25A02BD2-E6CA-3248-86D6-0A18B3EF81AF} = {25A02BD2-E6CA-3248-86D6-0A18B3EF81AF}
	EndProjectSection
EndProject
Project("{8BC9CEB8-8B4A-11D0-8D11-00A0C91BC942}") = "drdynvc-client", "channels\drdynvc\client\drdynvc-client.vcxproj", "{EDC0AF1B-9140-33C5-B85E-21BC5F498507}"
EndProject
Project("{8BC9CEB8-8B4A-11D0-8D11-00A0C91BC942}") = "drive-client", "channels\drive\client\drive-client.vcxproj", "{09C749DE-F35C-3210-AB61-EA1C9C30C2DF}"
	ProjectSection(ProjectDependencies) = postProject
		{74F34DD4-5EDC-3BDF-9433-A4D5A5152B32} = {74F34DD4-5EDC-3BDF-9433-A4D5A5152B32}
		{25A02BD2-E6CA-3248-86D6-0A18B3EF81AF} = {25A02BD2-E6CA-3248-86D6-0A18B3EF81AF}
	EndProjectSection
EndProject
Project("{8BC9CEB8-8B4A-11D0-8D11-00A0C91BC942}") = "echo-client", "channels\echo\client\echo-client.vcxproj", "{C82F822B-186C-3F28-AA2E-EE5E702AAB0E}"
	ProjectSection(ProjectDependencies) = postProject
		{25A02BD2-E6CA-3248-86D6-0A18B3EF81AF} = {25A02BD2-E6CA-3248-86D6-0A18B3EF81AF}
	EndProjectSection
EndProject
Project("{8BC9CEB8-8B4A-11D0-8D11-00A0C91BC942}") = "encomsp-client", "channels\encomsp\client\encomsp-client.vcxproj", "{F02DA192-8A67-33E6-85CF-111C65A78CFC}"
EndProject
Project("{8BC9CEB8-8B4A-11D0-8D11-00A0C91BC942}") = "freerdp", "libfreerdp\freerdp.vcxproj", "{74F34DD4-5EDC-3BDF-9433-A4D5A5152B32}"
	ProjectSection(ProjectDependencies) = postProject
		{25A02BD2-E6CA-3248-86D6-0A18B3EF81AF} = {25A02BD2-E6CA-3248-86D6-0A18B3EF81AF}
	EndProjectSection
EndProject
Project("{8BC9CEB8-8B4A-11D0-8D11-00A0C91BC942}") = "freerdp-client", "client\common\freerdp-client.vcxproj", "{41ABFC0C-7B84-344B-B0D8-885A1098C01E}"
	ProjectSection(ProjectDependencies) = postProject
		{C31C554A-4458-3492-BB4E-B7BA13A85896} = {C31C554A-4458-3492-BB4E-B7BA13A85896}
		{EB9F2422-E213-3A53-8537-5817A3548016} = {EB9F2422-E213-3A53-8537-5817A3548016}
		{24F42DD9-58CD-3BEE-8F21-47C7F0BF41B9} = {24F42DD9-58CD-3BEE-8F21-47C7F0BF41B9}
		{C883C92D-0F07-321A-847C-03BB45FF963F} = {C883C92D-0F07-321A-847C-03BB45FF963F}
		{EDC0AF1B-9140-33C5-B85E-21BC5F498507} = {EDC0AF1B-9140-33C5-B85E-21BC5F498507}
		{09C749DE-F35C-3210-AB61-EA1C9C30C2DF} = {09C749DE-F35C-3210-AB61-EA1C9C30C2DF}
		{C82F822B-186C-3F28-AA2E-EE5E702AAB0E} = {C82F822B-186C-3F28-AA2E-EE5E702AAB0E}
		{F02DA192-8A67-33E6-85CF-111C65A78CFC} = {F02DA192-8A67-33E6-85CF-111C65A78CFC}
		{74F34DD4-5EDC-3BDF-9433-A4D5A5152B32} = {74F34DD4-5EDC-3BDF-9433-A4D5A5152B32}
		{7EAD7FFE-E976-33A9-91C9-8469104245DB} = {7EAD7FFE-E976-33A9-91C9-8469104245DB}
		{3DFA8286-D4C0-3400-AAD4-B879EAC345C5} = {3DFA8286-D4C0-3400-AAD4-B879EAC345C5}
		{AD3A65C4-BC3D-3CBE-800C-AB40E67718CC} = {AD3A65C4-BC3D-3CBE-800C-AB40E67718CC}
		{3D31FE39-88FF-3AB1-8575-1927EC68308C} = {3D31FE39-88FF-3AB1-8575-1927EC68308C}
		{02D3EEE4-13E9-3AAF-A314-917107CD3550} = {02D3EEE4-13E9-3AAF-A314-917107CD3550}
		{17CEF496-7EF4-3671-8877-6BD5F74292D9} = {17CEF496-7EF4-3671-8877-6BD5F74292D9}
		{ABD31983-4CE8-3A08-BF7C-13EE82AA48E2} = {ABD31983-4CE8-3A08-BF7C-13EE82AA48E2}
		{AFE2F405-1F27-356F-8960-4361E7CD2C8A} = {AFE2F405-1F27-356F-8960-4361E7CD2C8A}
		{95B8D1E8-D34C-3C61-8CB8-FC9BEEBD8F4D} = {95B8D1E8-D34C-3C61-8CB8-FC9BEEBD8F4D}
		{44F2B05E-A329-3BD3-82B7-AE109E3833E1} = {44F2B05E-A329-3BD3-82B7-AE109E3833E1}
		{BBB7A2E1-9356-3B2D-96E7-A5283A76BE3B} = {BBB7A2E1-9356-3B2D-96E7-A5283A76BE3B}
		{16266A00-A343-334B-9631-724882F14973} = {16266A00-A343-334B-9631-724882F14973}
		{25A02BD2-E6CA-3248-86D6-0A18B3EF81AF} = {25A02BD2-E6CA-3248-86D6-0A18B3EF81AF}
	EndProjectSection
EndProject
Project("{8BC9CEB8-8B4A-11D0-8D11-00A0C91BC942}") = "geometry-client", "channels\geometry\client\geometry-client.vcxproj", "{7EAD7FFE-E976-33A9-91C9-8469104245DB}"
	ProjectSection(ProjectDependencies) = postProject
		{25A02BD2-E6CA-3248-86D6-0A18B3EF81AF} = {25A02BD2-E6CA-3248-86D6-0A18B3EF81AF}
	EndProjectSection
EndProject
Project("{8BC9CEB8-8B4A-11D0-8D11-00A0C91BC942}") = "printer-client", "channels\printer\client\printer-client.vcxproj", "{3DFA8286-D4C0-3400-AAD4-B879EAC345C5}"
	ProjectSection(ProjectDependencies) = postProject
		{74F34DD4-5EDC-3BDF-9433-A4D5A5152B32} = {74F34DD4-5EDC-3BDF-9433-A4D5A5152B32}
		{25A02BD2-E6CA-3248-86D6-0A18B3EF81AF} = {25A02BD2-E6CA-3248-86D6-0A18B3EF81AF}
	EndProjectSection
EndProject
Project("{8BC9CEB8-8B4A-11D0-8D11-00A0C91BC942}") = "rail-client", "channels\rail\client\rail-client.vcxproj", "{AD3A65C4-BC3D-3CBE-800C-AB40E67718CC}"
	ProjectSection(ProjectDependencies) = postProject
		{74F34DD4-5EDC-3BDF-9433-A4D5A5152B32} = {74F34DD4-5EDC-3BDF-9433-A4D5A5152B32}
	EndProjectSection
EndProject
Project("{8BC9CEB8-8B4A-11D0-8D11-00A0C91BC942}") = "rdpdr-client", "channels\rdpdr\client\rdpdr-client.vcxproj", "{3D31FE39-88FF-3AB1-8575-1927EC68308C}"
	ProjectSection(ProjectDependencies) = postProject
		{74F34DD4-5EDC-3BDF-9433-A4D5A5152B32} = {74F34DD4-5EDC-3BDF-9433-A4D5A5152B32}
		{25A02BD2-E6CA-3248-86D6-0A18B3EF81AF} = {25A02BD2-E6CA-3248-86D6-0A18B3EF81AF}
	EndProjectSection
EndProject
Project("{8BC9CEB8-8B4A-11D0-8D11-00A0C91BC942}") = "rdpei-client", "channels\rdpei\client\rdpei-client.vcxproj", "{02D3EEE4-13E9-3AAF-A314-917107CD3550}"
	ProjectSection(ProjectDependencies) = postProject
		{74F34DD4-5EDC-3BDF-9433-A4D5A5152B32} = {74F34DD4-5EDC-3BDF-9433-A4D5A5152B32}
		{25A02BD2-E6CA-3248-86D6-0A18B3EF81AF} = {25A02BD2-E6CA-3248-86D6-0A18B3EF81AF}
	EndProjectSection
EndProject
Project("{8BC9CEB8-8B4A-11D0-8D11-00A0C91BC942}") = "rdpgfx-client", "channels\rdpgfx\client\rdpgfx-client.vcxproj", "{17CEF496-7EF4-3671-8877-6BD5F74292D9}"
	ProjectSection(ProjectDependencies) = postProject
		{74F34DD4-5EDC-3BDF-9433-A4D5A5152B32} = {74F34DD4-5EDC-3BDF-9433-A4D5A5152B32}
		{25A02BD2-E6CA-3248-86D6-0A18B3EF81AF} = {25A02BD2-E6CA-3248-86D6-0A18B3EF81AF}
	EndProjectSection
EndProject
Project("{8BC9CEB8-8B4A-11D0-8D11-00A0C91BC942}") = "rdpsnd-client", "channels\rdpsnd\client\rdpsnd-client.vcxproj", "{ABD31983-4CE8-3A08-BF7C-13EE82AA48E2}"
	ProjectSection(ProjectDependencies) = postProject
		{74F34DD4-5EDC-3BDF-9433-A4D5A5152B32} = {74F34DD4-5EDC-3BDF-9433-A4D5A5152B32}
		{25A02BD2-E6CA-3248-86D6-0A18B3EF81AF} = {25A02BD2-E6CA-3248-86D6-0A18B3EF81AF}
	EndProjectSection
EndProject
Project("{8BC9CEB8-8B4A-11D0-8D11-00A0C91BC942}") = "rdpsnd-client-fake", "channels\rdpsnd\client\fake\rdpsnd-client-fake.vcxproj", "{AFE2F405-1F27-356F-8960-4361E7CD2C8A}"
	ProjectSection(ProjectDependencies) = postProject
		{74F34DD4-5EDC-3BDF-9433-A4D5A5152B32} = {74F34DD4-5EDC-3BDF-9433-A4D5A5152B32}
		{25A02BD2-E6CA-3248-86D6-0A18B3EF81AF} = {25A02BD2-E6CA-3248-86D6-0A18B3EF81AF}
	EndProjectSection
EndProject
Project("{8BC9CEB8-8B4A-11D0-8D11-00A0C91BC942}") = "rdpsnd-client-winmm", "channels\rdpsnd\client\winmm\rdpsnd-client-winmm.vcxproj", "{95B8D1E8-D34C-3C61-8CB8-FC9BEEBD8F4D}"
	ProjectSection(ProjectDependencies) = postProject
		{74F34DD4-5EDC-3BDF-9433-A4D5A5152B32} = {74F34DD4-5EDC-3BDF-9433-A4D5A5152B32}
		{25A02BD2-E6CA-3248-86D6-0A18B3EF81AF} = {25A02BD2-E6CA-3248-86D6-0A18B3EF81AF}
	EndProjectSection
EndProject
Project("{8BC9CEB8-8B4A-11D0-8D11-00A0C91BC942}") = "rdtk", "rdtk\librdtk\rdtk.vcxproj", "{0064267A-6CAC-30B7-9B29-F18C8E4C9DB5}"
	ProjectSection(ProjectDependencies) = postProject
		{74F34DD4-5EDC-3BDF-9433-A4D5A5152B32} = {74F34DD4-5EDC-3BDF-9433-A4D5A5152B32}
		{25A02BD2-E6CA-3248-86D6-0A18B3EF81AF} = {25A02BD2-E6CA-3248-86D6-0A18B3EF81AF}
	EndProjectSection
EndProject
Project("{8BC9CEB8-8B4A-11D0-8D11-00A0C91BC942}") = "remdesk-client", "channels\remdesk\client\remdesk-client.vcxproj", "{44F2B05E-A329-3BD3-82B7-AE109E3833E1}"
EndProject
Project("{8BC9CEB8-8B4A-11D0-8D11-00A0C91BC942}") = "smartcard-client", "channels\smartcard\client\smartcard-client.vcxproj", "{BBB7A2E1-9356-3B2D-96E7-A5283A76BE3B}"
	ProjectSection(ProjectDependencies) = postProject
		{74F34DD4-5EDC-3BDF-9433-A4D5A5152B32} = {74F34DD4-5EDC-3BDF-9433-A4D5A5152B32}
		{25A02BD2-E6CA-3248-86D6-0A18B3EF81AF} = {25A02BD2-E6CA-3248-86D6-0A18B3EF81AF}
	EndProjectSection
EndProject
Project("{8BC9CEB8-8B4A-11D0-8D11-00A0C91BC942}") = "video-client", "channels\video\client\video-client.vcxproj", "{16266A00-A343-334B-9631-724882F14973}"
	ProjectSection(ProjectDependencies) = postProject
		{25A02BD2-E6CA-3248-86D6-0A18B3EF81AF} = {25A02BD2-E6CA-3248-86D6-0A18B3EF81AF}
	EndProjectSection
EndProject
Project("{8BC9CEB8-8B4A-11D0-8D11-00A0C91BC942}") = "wfreerdp-client", "client\Windows\wfreerdp-client.vcxproj", "{352DD91F-B7E8-3086-81BF-6B5254E341A9}"
	ProjectSection(ProjectDependencies) = postProject
		{74F34DD4-5EDC-3BDF-9433-A4D5A5152B32} = {74F34DD4-5EDC-3BDF-9433-A4D5A5152B32}
		{41ABFC0C-7B84-344B-B0D8-885A1098C01E} = {41ABFC0C-7B84-344B-B0D8-885A1098C01E}
		{25A02BD2-E6CA-3248-86D6-0A18B3EF81AF} = {25A02BD2-E6CA-3248-86D6-0A18B3EF81AF}
	EndProjectSection
EndProject
Project("{8BC9CEB8-8B4A-11D0-8D11-00A0C91BC942}") = "winpr", "winpr\libwinpr\winpr.vcxproj", "{25A02BD2-E6CA-3248-86D6-0A18B3EF81AF}"
EndProject
Project("{8BC9CEB8-8B4A-11D0-8D11-00A0C91BC942}") = "winpr-hash", "winpr\tools\hash-cli\winpr-hash.vcxproj", "{B593F5DD-9620-3313-806F-E69AAC333EFA}"
	ProjectSection(ProjectDependencies) = postProject
		{25A02BD2-E6CA-3248-86D6-0A18B3EF81AF} = {25A02BD2-E6CA-3248-86D6-0A18B3EF81AF}
	EndProjectSection
EndProject
Project("{8BC9CEB8-8B4A-11D0-8D11-00A0C91BC942}") = "winpr-makecert", "winpr\tools\makecert-cli\winpr-makecert.vcxproj", "{FE2D332D-9E27-33CE-886B-F06E3D5C3D36}"
	ProjectSection(ProjectDependencies) = postProject
		{25A02BD2-E6CA-3248-86D6-0A18B3EF81AF} = {25A02BD2-E6CA-3248-86D6-0A18B3EF81AF}
		{62F9DA80-41C3-3456-B4F1-037F99D5DF01} = {62F9DA80-41C3-3456-B4F1-037F99D5DF01}
	EndProjectSection
EndProject
Project("{8BC9CEB8-8B4A-11D0-8D11-00A0C91BC942}") = "winpr-tools", "winpr\tools\winpr-tools.vcxproj", "{62F9DA80-41C3-3456-B4F1-037F99D5DF01}"
	ProjectSection(ProjectDependencies) = postProject
		{25A02BD2-E6CA-3248-86D6-0A18B3EF81AF} = {25A02BD2-E6CA-3248-86D6-0A18B3EF81AF}
	EndProjectSection
EndProject
Global
	GlobalSection(SolutionConfigurationPlatforms) = preSolution
		Debug|Win32 = Debug|Win32
		MinSizeRel|Win32 = MinSizeRel|Win32
		Release|Win32 = Release|Win32
		RelWithDebInfo|Win32 = RelWithDebInfo|Win32
	EndGlobalSection
	GlobalSection(ProjectConfigurationPlatforms) = postSolution
		{72DB73EE-70A1-3FFF-BF66-0075EAA0494E}.Debug|Win32.ActiveCfg = Debug|Win32
		{72DB73EE-70A1-3FFF-BF66-0075EAA0494E}.Debug|Win32.Build.0 = Debug|Win32
		{72DB73EE-70A1-3FFF-BF66-0075EAA0494E}.MinSizeRel|Win32.ActiveCfg = MinSizeRel|Win32
		{72DB73EE-70A1-3FFF-BF66-0075EAA0494E}.MinSizeRel|Win32.Build.0 = MinSizeRel|Win32
		{72DB73EE-70A1-3FFF-BF66-0075EAA0494E}.Release|Win32.ActiveCfg = Release|Win32
		{72DB73EE-70A1-3FFF-BF66-0075EAA0494E}.Release|Win32.Build.0 = Release|Win32
		{72DB73EE-70A1-3FFF-BF66-0075EAA0494E}.RelWithDebInfo|Win32.ActiveCfg = RelWithDebInfo|Win32
		{72DB73EE-70A1-3FFF-BF66-0075EAA0494E}.RelWithDebInfo|Win32.Build.0 = RelWithDebInfo|Win32
		{FF17215D-0397-37F1-847C-FD6D72281FC5}.Debug|Win32.ActiveCfg = Debug|Win32
		{FF17215D-0397-37F1-847C-FD6D72281FC5}.MinSizeRel|Win32.ActiveCfg = MinSizeRel|Win32
		{FF17215D-0397-37F1-847C-FD6D72281FC5}.Release|Win32.ActiveCfg = Release|Win32
		{FF17215D-0397-37F1-847C-FD6D72281FC5}.RelWithDebInfo|Win32.ActiveCfg = RelWithDebInfo|Win32
		{30AE572E-53FF-368D-88F0-11BB595C67D7}.Debug|Win32.ActiveCfg = Debug|Win32
		{30AE572E-53FF-368D-88F0-11BB595C67D7}.MinSizeRel|Win32.ActiveCfg = MinSizeRel|Win32
		{30AE572E-53FF-368D-88F0-11BB595C67D7}.Release|Win32.ActiveCfg = Release|Win32
		{30AE572E-53FF-368D-88F0-11BB595C67D7}.RelWithDebInfo|Win32.ActiveCfg = RelWithDebInfo|Win32
		{C31C554A-4458-3492-BB4E-B7BA13A85896}.Debug|Win32.ActiveCfg = Debug|Win32
		{C31C554A-4458-3492-BB4E-B7BA13A85896}.Debug|Win32.Build.0 = Debug|Win32
		{C31C554A-4458-3492-BB4E-B7BA13A85896}.MinSizeRel|Win32.ActiveCfg = MinSizeRel|Win32
		{C31C554A-4458-3492-BB4E-B7BA13A85896}.MinSizeRel|Win32.Build.0 = MinSizeRel|Win32
		{C31C554A-4458-3492-BB4E-B7BA13A85896}.Release|Win32.ActiveCfg = Release|Win32
		{C31C554A-4458-3492-BB4E-B7BA13A85896}.Release|Win32.Build.0 = Release|Win32
		{C31C554A-4458-3492-BB4E-B7BA13A85896}.RelWithDebInfo|Win32.ActiveCfg = RelWithDebInfo|Win32
		{C31C554A-4458-3492-BB4E-B7BA13A85896}.RelWithDebInfo|Win32.Build.0 = RelWithDebInfo|Win32
		{EB9F2422-E213-3A53-8537-5817A3548016}.Debug|Win32.ActiveCfg = Debug|Win32
		{EB9F2422-E213-3A53-8537-5817A3548016}.Debug|Win32.Build.0 = Debug|Win32
		{EB9F2422-E213-3A53-8537-5817A3548016}.MinSizeRel|Win32.ActiveCfg = MinSizeRel|Win32
		{EB9F2422-E213-3A53-8537-5817A3548016}.MinSizeRel|Win32.Build.0 = MinSizeRel|Win32
		{EB9F2422-E213-3A53-8537-5817A3548016}.Release|Win32.ActiveCfg = Release|Win32
		{EB9F2422-E213-3A53-8537-5817A3548016}.Release|Win32.Build.0 = Release|Win32
		{EB9F2422-E213-3A53-8537-5817A3548016}.RelWithDebInfo|Win32.ActiveCfg = RelWithDebInfo|Win32
		{EB9F2422-E213-3A53-8537-5817A3548016}.RelWithDebInfo|Win32.Build.0 = RelWithDebInfo|Win32
		{24F42DD9-58CD-3BEE-8F21-47C7F0BF41B9}.Debug|Win32.ActiveCfg = Debug|Win32
		{24F42DD9-58CD-3BEE-8F21-47C7F0BF41B9}.Debug|Win32.Build.0 = Debug|Win32
		{24F42DD9-58CD-3BEE-8F21-47C7F0BF41B9}.MinSizeRel|Win32.ActiveCfg = MinSizeRel|Win32
		{24F42DD9-58CD-3BEE-8F21-47C7F0BF41B9}.MinSizeRel|Win32.Build.0 = MinSizeRel|Win32
		{24F42DD9-58CD-3BEE-8F21-47C7F0BF41B9}.Release|Win32.ActiveCfg = Release|Win32
		{24F42DD9-58CD-3BEE-8F21-47C7F0BF41B9}.Release|Win32.Build.0 = Release|Win32
		{24F42DD9-58CD-3BEE-8F21-47C7F0BF41B9}.RelWithDebInfo|Win32.ActiveCfg = RelWithDebInfo|Win32
		{24F42DD9-58CD-3BEE-8F21-47C7F0BF41B9}.RelWithDebInfo|Win32.Build.0 = RelWithDebInfo|Win32
		{C883C92D-0F07-321A-847C-03BB45FF963F}.Debug|Win32.ActiveCfg = Debug|Win32
		{C883C92D-0F07-321A-847C-03BB45FF963F}.Debug|Win32.Build.0 = Debug|Win32
		{C883C92D-0F07-321A-847C-03BB45FF963F}.MinSizeRel|Win32.ActiveCfg = MinSizeRel|Win32
		{C883C92D-0F07-321A-847C-03BB45FF963F}.MinSizeRel|Win32.Build.0 = MinSizeRel|Win32
		{C883C92D-0F07-321A-847C-03BB45FF963F}.Release|Win32.ActiveCfg = Release|Win32
		{C883C92D-0F07-321A-847C-03BB45FF963F}.Release|Win32.Build.0 = Release|Win32
		{C883C92D-0F07-321A-847C-03BB45FF963F}.RelWithDebInfo|Win32.ActiveCfg = RelWithDebInfo|Win32
		{C883C92D-0F07-321A-847C-03BB45FF963F}.RelWithDebInfo|Win32.Build.0 = RelWithDebInfo|Win32
		{EDC0AF1B-9140-33C5-B85E-21BC5F498507}.Debug|Win32.ActiveCfg = Debug|Win32
		{EDC0AF1B-9140-33C5-B85E-21BC5F498507}.Debug|Win32.Build.0 = Debug|Win32
		{EDC0AF1B-9140-33C5-B85E-21BC5F498507}.MinSizeRel|Win32.ActiveCfg = MinSizeRel|Win32
		{EDC0AF1B-9140-33C5-B85E-21BC5F498507}.MinSizeRel|Win32.Build.0 = MinSizeRel|Win32
		{EDC0AF1B-9140-33C5-B85E-21BC5F498507}.Release|Win32.ActiveCfg = Release|Win32
		{EDC0AF1B-9140-33C5-B85E-21BC5F498507}.Release|Win32.Build.0 = Release|Win32
		{EDC0AF1B-9140-33C5-B85E-21BC5F498507}.RelWithDebInfo|Win32.ActiveCfg = RelWithDebInfo|Win32
		{EDC0AF1B-9140-33C5-B85E-21BC5F498507}.RelWithDebInfo|Win32.Build.0 = RelWithDebInfo|Win32
		{09C749DE-F35C-3210-AB61-EA1C9C30C2DF}.Debug|Win32.ActiveCfg = Debug|Win32
		{09C749DE-F35C-3210-AB61-EA1C9C30C2DF}.Debug|Win32.Build.0 = Debug|Win32
		{09C749DE-F35C-3210-AB61-EA1C9C30C2DF}.MinSizeRel|Win32.ActiveCfg = MinSizeRel|Win32
		{09C749DE-F35C-3210-AB61-EA1C9C30C2DF}.MinSizeRel|Win32.Build.0 = MinSizeRel|Win32
		{09C749DE-F35C-3210-AB61-EA1C9C30C2DF}.Release|Win32.ActiveCfg = Release|Win32
		{09C749DE-F35C-3210-AB61-EA1C9C30C2DF}.Release|Win32.Build.0 = Release|Win32
		{09C749DE-F35C-3210-AB61-EA1C9C30C2DF}.RelWithDebInfo|Win32.ActiveCfg = RelWithDebInfo|Win32
		{09C749DE-F35C-3210-AB61-EA1C9C30C2DF}.RelWithDebInfo|Win32.Build.0 = RelWithDebInfo|Win32
		{C82F822B-186C-3F28-AA2E-EE5E702AAB0E}.Debug|Win32.ActiveCfg = Debug|Win32
		{C82F822B-186C-3F28-AA2E-EE5E702AAB0E}.Debug|Win32.Build.0 = Debug|Win32
		{C82F822B-186C-3F28-AA2E-EE5E702AAB0E}.MinSizeRel|Win32.ActiveCfg = MinSizeRel|Win32
		{C82F822B-186C-3F28-AA2E-EE5E702AAB0E}.MinSizeRel|Win32.Build.0 = MinSizeRel|Win32
		{C82F822B-186C-3F28-AA2E-EE5E702AAB0E}.Release|Win32.ActiveCfg = Release|Win32
		{C82F822B-186C-3F28-AA2E-EE5E702AAB0E}.Release|Win32.Build.0 = Release|Win32
		{C82F822B-186C-3F28-AA2E-EE5E702AAB0E}.RelWithDebInfo|Win32.ActiveCfg = RelWithDebInfo|Win32
		{C82F822B-186C-3F28-AA2E-EE5E702AAB0E}.RelWithDebInfo|Win32.Build.0 = RelWithDebInfo|Win32
		{F02DA192-8A67-33E6-85CF-111C65A78CFC}.Debug|Win32.ActiveCfg = Debug|Win32
		{F02DA192-8A67-33E6-85CF-111C65A78CFC}.Debug|Win32.Build.0 = Debug|Win32
		{F02DA192-8A67-33E6-85CF-111C65A78CFC}.MinSizeRel|Win32.ActiveCfg = MinSizeRel|Win32
		{F02DA192-8A67-33E6-85CF-111C65A78CFC}.MinSizeRel|Win32.Build.0 = MinSizeRel|Win32
		{F02DA192-8A67-33E6-85CF-111C65A78CFC}.Release|Win32.ActiveCfg = Release|Win32
		{F02DA192-8A67-33E6-85CF-111C65A78CFC}.Release|Win32.Build.0 = Release|Win32
		{F02DA192-8A67-33E6-85CF-111C65A78CFC}.RelWithDebInfo|Win32.ActiveCfg = RelWithDebInfo|Win32
		{F02DA192-8A67-33E6-85CF-111C65A78CFC}.RelWithDebInfo|Win32.Build.0 = RelWithDebInfo|Win32
		{74F34DD4-5EDC-3BDF-9433-A4D5A5152B32}.Debug|Win32.ActiveCfg = Debug|Win32
		{74F34DD4-5EDC-3BDF-9433-A4D5A5152B32}.Debug|Win32.Build.0 = Debug|Win32
		{74F34DD4-5EDC-3BDF-9433-A4D5A5152B32}.MinSizeRel|Win32.ActiveCfg = MinSizeRel|Win32
		{74F34DD4-5EDC-3BDF-9433-A4D5A5152B32}.MinSizeRel|Win32.Build.0 = MinSizeRel|Win32
		{74F34DD4-5EDC-3BDF-9433-A4D5A5152B32}.Release|Win32.ActiveCfg = Release|Win32
		{74F34DD4-5EDC-3BDF-9433-A4D5A5152B32}.Release|Win32.Build.0 = Release|Win32
		{74F34DD4-5EDC-3BDF-9433-A4D5A5152B32}.RelWithDebInfo|Win32.ActiveCfg = RelWithDebInfo|Win32
		{74F34DD4-5EDC-3BDF-9433-A4D5A5152B32}.RelWithDebInfo|Win32.Build.0 = RelWithDebInfo|Win32
		{41ABFC0C-7B84-344B-B0D8-885A1098C01E}.Debug|Win32.ActiveCfg = Debug|Win32
		{41ABFC0C-7B84-344B-B0D8-885A1098C01E}.Debug|Win32.Build.0 = Debug|Win32
		{41ABFC0C-7B84-344B-B0D8-885A1098C01E}.MinSizeRel|Win32.ActiveCfg = MinSizeRel|Win32
		{41ABFC0C-7B84-344B-B0D8-885A1098C01E}.MinSizeRel|Win32.Build.0 = MinSizeRel|Win32
		{41ABFC0C-7B84-344B-B0D8-885A1098C01E}.Release|Win32.ActiveCfg = Release|Win32
		{41ABFC0C-7B84-344B-B0D8-885A1098C01E}.Release|Win32.Build.0 = Release|Win32
		{41ABFC0C-7B84-344B-B0D8-885A1098C01E}.RelWithDebInfo|Win32.ActiveCfg = RelWithDebInfo|Win32
		{41ABFC0C-7B84-344B-B0D8-885A1098C01E}.RelWithDebInfo|Win32.Build.0 = RelWithDebInfo|Win32
		{7EAD7FFE-E976-33A9-91C9-8469104245DB}.Debug|Win32.ActiveCfg = Debug|Win32
		{7EAD7FFE-E976-33A9-91C9-8469104245DB}.Debug|Win32.Build.0 = Debug|Win32
		{7EAD7FFE-E976-33A9-91C9-8469104245DB}.MinSizeRel|Win32.ActiveCfg = MinSizeRel|Win32
		{7EAD7FFE-E976-33A9-91C9-8469104245DB}.MinSizeRel|Win32.Build.0 = MinSizeRel|Win32
		{7EAD7FFE-E976-33A9-91C9-8469104245DB}.Release|Win32.ActiveCfg = Release|Win32
		{7EAD7FFE-E976-33A9-91C9-8469104245DB}.Release|Win32.Build.0 = Release|Win32
		{7EAD7FFE-E976-33A9-91C9-8469104245DB}.RelWithDebInfo|Win32.ActiveCfg = RelWithDebInfo|Win32
		{7EAD7FFE-E976-33A9-91C9-8469104245DB}.RelWithDebInfo|Win32.Build.0 = RelWithDebInfo|Win32
		{3DFA8286-D4C0-3400-AAD4-B879EAC345C5}.Debug|Win32.ActiveCfg = Debug|Win32
		{3DFA8286-D4C0-3400-AAD4-B879EAC345C5}.Debug|Win32.Build.0 = Debug|Win32
		{3DFA8286-D4C0-3400-AAD4-B879EAC345C5}.MinSizeRel|Win32.ActiveCfg = MinSizeRel|Win32
		{3DFA8286-D4C0-3400-AAD4-B879EAC345C5}.MinSizeRel|Win32.Build.0 = MinSizeRel|Win32
		{3DFA8286-D4C0-3400-AAD4-B879EAC345C5}.Release|Win32.ActiveCfg = Release|Win32
		{3DFA8286-D4C0-3400-AAD4-B879EAC345C5}.Release|Win32.Build.0 = Release|Win32
		{3DFA8286-D4C0-3400-AAD4-B879EAC345C5}.RelWithDebInfo|Win32.ActiveCfg = RelWithDebInfo|Win32
		{3DFA8286-D4C0-3400-AAD4-B879EAC345C5}.RelWithDebInfo|Win32.Build.0 = RelWithDebInfo|Win32
		{AD3A65C4-BC3D-3CBE-800C-AB40E67718CC}.Debug|Win32.ActiveCfg = Debug|Win32
		{AD3A65C4-BC3D-3CBE-800C-AB40E67718CC}.Debug|Win32.Build.0 = Debug|Win32
		{AD3A65C4-BC3D-3CBE-800C-AB40E67718CC}.MinSizeRel|Win32.ActiveCfg = MinSizeRel|Win32
		{AD3A65C4-BC3D-3CBE-800C-AB40E67718CC}.MinSizeRel|Win32.Build.0 = MinSizeRel|Win32
		{AD3A65C4-BC3D-3CBE-800C-AB40E67718CC}.Release|Win32.ActiveCfg = Release|Win32
		{AD3A65C4-BC3D-3CBE-800C-AB40E67718CC}.Release|Win32.Build.0 = Release|Win32
		{AD3A65C4-BC3D-3CBE-800C-AB40E67718CC}.RelWithDebInfo|Win32.ActiveCfg = RelWithDebInfo|Win32
		{AD3A65C4-BC3D-3CBE-800C-AB40E67718CC}.RelWithDebInfo|Win32.Build.0 = RelWithDebInfo|Win32
		{3D31FE39-88FF-3AB1-8575-1927EC68308C}.Debug|Win32.ActiveCfg = Debug|Win32
		{3D31FE39-88FF-3AB1-8575-1927EC68308C}.Debug|Win32.Build.0 = Debug|Win32
		{3D31FE39-88FF-3AB1-8575-1927EC68308C}.MinSizeRel|Win32.ActiveCfg = MinSizeRel|Win32
		{3D31FE39-88FF-3AB1-8575-1927EC68308C}.MinSizeRel|Win32.Build.0 = MinSizeRel|Win32
		{3D31FE39-88FF-3AB1-8575-1927EC68308C}.Release|Win32.ActiveCfg = Release|Win32
		{3D31FE39-88FF-3AB1-8575-1927EC68308C}.Release|Win32.Build.0 = Release|Win32
		{3D31FE39-88FF-3AB1-8575-1927EC68308C}.RelWithDebInfo|Win32.ActiveCfg = RelWithDebInfo|Win32
		{3D31FE39-88FF-3AB1-8575-1927EC68308C}.RelWithDebInfo|Win32.Build.0 = RelWithDebInfo|Win32
		{02D3EEE4-13E9-3AAF-A314-917107CD3550}.Debug|Win32.ActiveCfg = Debug|Win32
		{02D3EEE4-13E9-3AAF-A314-917107CD3550}.Debug|Win32.Build.0 = Debug|Win32
		{02D3EEE4-13E9-3AAF-A314-917107CD3550}.MinSizeRel|Win32.ActiveCfg = MinSizeRel|Win32
		{02D3EEE4-13E9-3AAF-A314-917107CD3550}.MinSizeRel|Win32.Build.0 = MinSizeRel|Win32
		{02D3EEE4-13E9-3AAF-A314-917107CD3550}.Release|Win32.ActiveCfg = Release|Win32
		{02D3EEE4-13E9-3AAF-A314-917107CD3550}.Release|Win32.Build.0 = Release|Win32
		{02D3EEE4-13E9-3AAF-A314-917107CD3550}.RelWithDebInfo|Win32.ActiveCfg = RelWithDebInfo|Win32
		{02D3EEE4-13E9-3AAF-A314-917107CD3550}.RelWithDebInfo|Win32.Build.0 = RelWithDebInfo|Win32
		{17CEF496-7EF4-3671-8877-6BD5F74292D9}.Debug|Win32.ActiveCfg = Debug|Win32
		{17CEF496-7EF4-3671-8877-6BD5F74292D9}.Debug|Win32.Build.0 = Debug|Win32
		{17CEF496-7EF4-3671-8877-6BD5F74292D9}.MinSizeRel|Win32.ActiveCfg = MinSizeRel|Win32
		{17CEF496-7EF4-3671-8877-6BD5F74292D9}.MinSizeRel|Win32.Build.0 = MinSizeRel|Win32
		{17CEF496-7EF4-3671-8877-6BD5F74292D9}.Release|Win32.ActiveCfg = Release|Win32
		{17CEF496-7EF4-3671-8877-6BD5F74292D9}.Release|Win32.Build.0 = Release|Win32
		{17CEF496-7EF4-3671-8877-6BD5F74292D9}.RelWithDebInfo|Win32.ActiveCfg = RelWithDebInfo|Win32
		{17CEF496-7EF4-3671-8877-6BD5F74292D9}.RelWithDebInfo|Win32.Build.0 = RelWithDebInfo|Win32
		{ABD31983-4CE8-3A08-BF7C-13EE82AA48E2}.Debug|Win32.ActiveCfg = Debug|Win32
		{ABD31983-4CE8-3A08-BF7C-13EE82AA48E2}.Debug|Win32.Build.0 = Debug|Win32
		{ABD31983-4CE8-3A08-BF7C-13EE82AA48E2}.MinSizeRel|Win32.ActiveCfg = MinSizeRel|Win32
		{ABD31983-4CE8-3A08-BF7C-13EE82AA48E2}.MinSizeRel|Win32.Build.0 = MinSizeRel|Win32
		{ABD31983-4CE8-3A08-BF7C-13EE82AA48E2}.Release|Win32.ActiveCfg = Release|Win32
		{ABD31983-4CE8-3A08-BF7C-13EE82AA48E2}.Release|Win32.Build.0 = Release|Win32
		{ABD31983-4CE8-3A08-BF7C-13EE82AA48E2}.RelWithDebInfo|Win32.ActiveCfg = RelWithDebInfo|Win32
		{ABD31983-4CE8-3A08-BF7C-13EE82AA48E2}.RelWithDebInfo|Win32.Build.0 = RelWithDebInfo|Win32
		{AFE2F405-1F27-356F-8960-4361E7CD2C8A}.Debug|Win32.ActiveCfg = Debug|Win32
		{AFE2F405-1F27-356F-8960-4361E7CD2C8A}.Debug|Win32.Build.0 = Debug|Win32
		{AFE2F405-1F27-356F-8960-4361E7CD2C8A}.MinSizeRel|Win32.ActiveCfg = MinSizeRel|Win32
		{AFE2F405-1F27-356F-8960-4361E7CD2C8A}.MinSizeRel|Win32.Build.0 = MinSizeRel|Win32
		{AFE2F405-1F27-356F-8960-4361E7CD2C8A}.Release|Win32.ActiveCfg = Release|Win32
		{AFE2F405-1F27-356F-8960-4361E7CD2C8A}.Release|Win32.Build.0 = Release|Win32
		{AFE2F405-1F27-356F-8960-4361E7CD2C8A}.RelWithDebInfo|Win32.ActiveCfg = RelWithDebInfo|Win32
		{AFE2F405-1F27-356F-8960-4361E7CD2C8A}.RelWithDebInfo|Win32.Build.0 = RelWithDebInfo|Win32
		{95B8D1E8-D34C-3C61-8CB8-FC9BEEBD8F4D}.Debug|Win32.ActiveCfg = Debug|Win32
		{95B8D1E8-D34C-3C61-8CB8-FC9BEEBD8F4D}.Debug|Win32.Build.0 = Debug|Win32
		{95B8D1E8-D34C-3C61-8CB8-FC9BEEBD8F4D}.MinSizeRel|Win32.ActiveCfg = MinSizeRel|Win32
		{95B8D1E8-D34C-3C61-8CB8-FC9BEEBD8F4D}.MinSizeRel|Win32.Build.0 = MinSizeRel|Win32
		{95B8D1E8-D34C-3C61-8CB8-FC9BEEBD8F4D}.Release|Win32.ActiveCfg = Release|Win32
		{95B8D1E8-D34C-3C61-8CB8-FC9BEEBD8F4D}.Release|Win32.Build.0 = Release|Win32
		{95B8D1E8-D34C-3C61-8CB8-FC9BEEBD8F4D}.RelWithDebInfo|Win32.ActiveCfg = RelWithDebInfo|Win32
		{95B8D1E8-D34C-3C61-8CB8-FC9BEEBD8F4D}.RelWithDebInfo|Win32.Build.0 = RelWithDebInfo|Win32
		{0064267A-6CAC-30B7-9B29-F18C8E4C9DB5}.Debug|Win32.ActiveCfg = Debug|Win32
		{0064267A-6CAC-30B7-9B29-F18C8E4C9DB5}.Debug|Win32.Build.0 = Debug|Win32
		{0064267A-6CAC-30B7-9B29-F18C8E4C9DB5}.MinSizeRel|Win32.ActiveCfg = MinSizeRel|Win32
		{0064267A-6CAC-30B7-9B29-F18C8E4C9DB5}.MinSizeRel|Win32.Build.0 = MinSizeRel|Win32
		{0064267A-6CAC-30B7-9B29-F18C8E4C9DB5}.Release|Win32.ActiveCfg = Release|Win32
		{0064267A-6CAC-30B7-9B29-F18C8E4C9DB5}.Release|Win32.Build.0 = Release|Win32
		{0064267A-6CAC-30B7-9B29-F18C8E4C9DB5}.RelWithDebInfo|Win32.ActiveCfg = RelWithDebInfo|Win32
		{0064267A-6CAC-30B7-9B29-F18C8E4C9DB5}.RelWithDebInfo|Win32.Build.0 = RelWithDebInfo|Win32
		{44F2B05E-A329-3BD3-82B7-AE109E3833E1}.Debug|Win32.ActiveCfg = Debug|Win32
		{44F2B05E-A329-3BD3-82B7-AE109E3833E1}.Debug|Win32.Build.0 = Debug|Win32
		{44F2B05E-A329-3BD3-82B7-AE109E3833E1}.MinSizeRel|Win32.ActiveCfg = MinSizeRel|Win32
		{44F2B05E-A329-3BD3-82B7-AE109E3833E1}.MinSizeRel|Win32.Build.0 = MinSizeRel|Win32
		{44F2B05E-A329-3BD3-82B7-AE109E3833E1}.Release|Win32.ActiveCfg = Release|Win32
		{44F2B05E-A329-3BD3-82B7-AE109E3833E1}.Release|Win32.Build.0 = Release|Win32
		{44F2B05E-A329-3BD3-82B7-AE109E3833E1}.RelWithDebInfo|Win32.ActiveCfg = RelWithDebInfo|Win32
		{44F2B05E-A329-3BD3-82B7-AE109E3833E1}.RelWithDebInfo|Win32.Build.0 = RelWithDebInfo|Win32
		{BBB7A2E1-9356-3B2D-96E7-A5283A76BE3B}.Debug|Win32.ActiveCfg = Debug|Win32
		{BBB7A2E1-9356-3B2D-96E7-A5283A76BE3B}.Debug|Win32.Build.0 = Debug|Win32
		{BBB7A2E1-9356-3B2D-96E7-A5283A76BE3B}.MinSizeRel|Win32.ActiveCfg = MinSizeRel|Win32
		{BBB7A2E1-9356-3B2D-96E7-A5283A76BE3B}.MinSizeRel|Win32.Build.0 = MinSizeRel|Win32
		{BBB7A2E1-9356-3B2D-96E7-A5283A76BE3B}.Release|Win32.ActiveCfg = Release|Win32
		{BBB7A2E1-9356-3B2D-96E7-A5283A76BE3B}.Release|Win32.Build.0 = Release|Win32
		{BBB7A2E1-9356-3B2D-96E7-A5283A76BE3B}.RelWithDebInfo|Win32.ActiveCfg = RelWithDebInfo|Win32
		{BBB7A2E1-9356-3B2D-96E7-A5283A76BE3B}.RelWithDebInfo|Win32.Build.0 = RelWithDebInfo|Win32
		{16266A00-A343-334B-9631-724882F14973}.Debug|Win32.ActiveCfg = Debug|Win32
		{16266A00-A343-334B-9631-724882F14973}.Debug|Win32.Build.0 = Debug|Win32
		{16266A00-A343-334B-9631-724882F14973}.MinSizeRel|Win32.ActiveCfg = MinSizeRel|Win32
		{16266A00-A343-334B-9631-724882F14973}.MinSizeRel|Win32.Build.0 = MinSizeRel|Win32
		{16266A00-A343-334B-9631-724882F14973}.Release|Win32.ActiveCfg = Release|Win32
		{16266A00-A343-334B-9631-724882F14973}.Release|Win32.Build.0 = Release|Win32
		{16266A00-A343-334B-9631-724882F14973}.RelWithDebInfo|Win32.ActiveCfg = RelWithDebInfo|Win32
		{16266A00-A343-334B-9631-724882F14973}.RelWithDebInfo|Win32.Build.0 = RelWithDebInfo|Win32
		{352DD91F-B7E8-3086-81BF-6B5254E341A9}.Debug|Win32.ActiveCfg = Debug|Win32
		{352DD91F-B7E8-3086-81BF-6B5254E341A9}.Debug|Win32.Build.0 = Debug|Win32
		{352DD91F-B7E8-3086-81BF-6B5254E341A9}.MinSizeRel|Win32.ActiveCfg = MinSizeRel|Win32
		{352DD91F-B7E8-3086-81BF-6B5254E341A9}.MinSizeRel|Win32.Build.0 = MinSizeRel|Win32
		{352DD91F-B7E8-3086-81BF-6B5254E341A9}.Release|Win32.ActiveCfg = Release|Win32
		{352DD91F-B7E8-3086-81BF-6B5254E341A9}.Release|Win32.Build.0 = Release|Win32
		{352DD91F-B7E8-3086-81BF-6B5254E341A9}.RelWithDebInfo|Win32.ActiveCfg = RelWithDebInfo|Win32
		{352DD91F-B7E8-3086-81BF-6B5254E341A9}.RelWithDebInfo|Win32.Build.0 = RelWithDebInfo|Win32
		{25A02BD2-E6CA-3248-86D6-0A18B3EF81AF}.Debug|Win32.ActiveCfg = Debug|Win32
		{25A02BD2-E6CA-3248-86D6-0A18B3EF81AF}.Debug|Win32.Build.0 = Debug|Win32
		{25A02BD2-E6CA-3248-86D6-0A18B3EF81AF}.MinSizeRel|Win32.ActiveCfg = MinSizeRel|Win32
		{25A02BD2-E6CA-3248-86D6-0A18B3EF81AF}.MinSizeRel|Win32.Build.0 = MinSizeRel|Win32
		{25A02BD2-E6CA-3248-86D6-0A18B3EF81AF}.Release|Win32.ActiveCfg = Release|Win32
		{25A02BD2-E6CA-3248-86D6-0A18B3EF81AF}.Release|Win32.Build.0 = Release|Win32
		{25A02BD2-E6CA-3248-86D6-0A18B3EF81AF}.RelWithDebInfo|Win32.ActiveCfg = RelWithDebInfo|Win32
		{25A02BD2-E6CA-3248-86D6-0A18B3EF81AF}.RelWithDebInfo|Win32.Build.0 = RelWithDebInfo|Win32
		{B593F5DD-9620-3313-806F-E69AAC333EFA}.Debug|Win32.ActiveCfg = Debug|Win32
		{B593F5DD-9620-3313-806F-E69AAC333EFA}.MinSizeRel|Win32.ActiveCfg = MinSizeRel|Win32
		{B593F5DD-9620-3313-806F-E69AAC333EFA}.MinSizeRel|Win32.Build.0 = MinSizeRel|Win32
		{B593F5DD-9620-3313-806F-E69AAC333EFA}.Release|Win32.ActiveCfg = Release|Win32
		{B593F5DD-9620-3313-806F-E69AAC333EFA}.Release|Win32.Build.0 = Release|Win32
		{B593F5DD-9620-3313-806F-E69AAC333EFA}.RelWithDebInfo|Win32.ActiveCfg = RelWithDebInfo|Win32
		{B593F5DD-9620-3313-806F-E69AAC333EFA}.RelWithDebInfo|Win32.Build.0 = RelWithDebInfo|Win32
		{FE2D332D-9E27-33CE-886B-F06E3D5C3D36}.Debug|Win32.ActiveCfg = Debug|Win32
		{FE2D332D-9E27-33CE-886B-F06E3D5C3D36}.MinSizeRel|Win32.ActiveCfg = MinSizeRel|Win32
		{FE2D332D-9E27-33CE-886B-F06E3D5C3D36}.MinSizeRel|Win32.Build.0 = MinSizeRel|Win32
		{FE2D332D-9E27-33CE-886B-F06E3D5C3D36}.Release|Win32.ActiveCfg = Release|Win32
		{FE2D332D-9E27-33CE-886B-F06E3D5C3D36}.Release|Win32.Build.0 = Release|Win32
		{FE2D332D-9E27-33CE-886B-F06E3D5C3D36}.RelWithDebInfo|Win32.ActiveCfg = RelWithDebInfo|Win32
		{FE2D332D-9E27-33CE-886B-F06E3D5C3D36}.RelWithDebInfo|Win32.Build.0 = RelWithDebInfo|Win32
		{62F9DA80-41C3-3456-B4F1-037F99D5DF01}.Debug|Win32.ActiveCfg = Debug|Win32
		{62F9DA80-41C3-3456-B4F1-037F99D5DF01}.MinSizeRel|Win32.ActiveCfg = MinSizeRel|Win32
		{62F9DA80-41C3-3456-B4F1-037F99D5DF01}.MinSizeRel|Win32.Build.0 = MinSizeRel|Win32
		{62F9DA80-41C3-3456-B4F1-037F99D5DF01}.Release|Win32.ActiveCfg = Release|Win32
		{62F9DA80-41C3-3456-B4F1-037F99D5DF01}.Release|Win32.Build.0 = Release|Win32
		{62F9DA80-41C3-3456-B4F1-037F99D5DF01}.RelWithDebInfo|Win32.ActiveCfg = RelWithDebInfo|Win32
		{62F9DA80-41C3-3456-B4F1-037F99D5DF01}.RelWithDebInfo|Win32.Build.0 = RelWithDebInfo|Win32
	EndGlobalSection
	GlobalSection(SolutionProperties) = preSolution
		HideSolutionNode = FALSE
	EndGlobalSection
	GlobalSection(NestedProjects) = preSolution
		{2937D1DC-D055-39B4-8033-0E02D922AF52} = {27FBD3A6-70C9-3A72-B128-C9F0CDE1506D}
		{DE5FEE34-211E-34D4-A3E8-BE7197104858} = {2937D1DC-D055-39B4-8033-0E02D922AF52}
		{298EC1A5-9874-361D-8629-50EBCBF52F00} = {DE5FEE34-211E-34D4-A3E8-BE7197104858}
		{A2AF0F15-1528-3A82-B606-D7F992E79EB6} = {27FBD3A6-70C9-3A72-B128-C9F0CDE1506D}
		{8C18CD68-9354-32D5-B93D-CC29E172390E} = {A2AF0F15-1528-3A82-B606-D7F992E79EB6}
		{8CEED3C8-EEFE-36F8-87B0-1DED8156E8A7} = {27FBD3A6-70C9-3A72-B128-C9F0CDE1506D}
		{EDFBC485-0ACF-3FBD-93E4-168038A3A26B} = {8CEED3C8-EEFE-36F8-87B0-1DED8156E8A7}
		{42EAF3E8-874F-377F-8670-D9CE5B0870C9} = {27FBD3A6-70C9-3A72-B128-C9F0CDE1506D}
		{11B063EB-1D18-3582-BC3E-654A71E1D5CE} = {42EAF3E8-874F-377F-8670-D9CE5B0870C9}
		{86A6F607-0FCD-3BF7-A7C6-9CF93FB105BC} = {27FBD3A6-70C9-3A72-B128-C9F0CDE1506D}
		{72642F40-6D71-3E19-9AE2-DBD71BD07521} = {86A6F607-0FCD-3BF7-A7C6-9CF93FB105BC}
		{4FFACBA5-9E29-386F-BCB2-CFBA11D55577} = {27FBD3A6-70C9-3A72-B128-C9F0CDE1506D}
		{433B28CD-3455-37ED-B13F-12997E0BFC1A} = {4FFACBA5-9E29-386F-BCB2-CFBA11D55577}
		{752E5916-E291-32A5-92D0-F6E3721A303F} = {27FBD3A6-70C9-3A72-B128-C9F0CDE1506D}
		{55CEA050-0CB7-36D3-8D61-12260AD4DB01} = {752E5916-E291-32A5-92D0-F6E3721A303F}
		{830CC8EE-692B-3F2F-A04C-70CCD94E7EF8} = {27FBD3A6-70C9-3A72-B128-C9F0CDE1506D}
		{61D0D129-B35A-3E95-A6BA-8849B2044B82} = {830CC8EE-692B-3F2F-A04C-70CCD94E7EF8}
		{E837F018-9BAC-391F-A88D-9DB317B8C24C} = {27FBD3A6-70C9-3A72-B128-C9F0CDE1506D}
		{06C27F28-3188-34A5-9938-5BF6C8958DE5} = {E837F018-9BAC-391F-A88D-9DB317B8C24C}
		{031CC3F2-C142-373A-82A9-42A9BA9483B3} = {27FBD3A6-70C9-3A72-B128-C9F0CDE1506D}
		{B167FCA6-4B90-335E-8353-493487018B8B} = {031CC3F2-C142-373A-82A9-42A9BA9483B3}
		{ED7D4A2A-4C9B-32EF-8E36-ED9A5D1BD024} = {27FBD3A6-70C9-3A72-B128-C9F0CDE1506D}
		{B4425B45-6D04-3AD3-84FF-A5030839FF26} = {ED7D4A2A-4C9B-32EF-8E36-ED9A5D1BD024}
		{D6A32E98-45CA-3A59-B6F8-09C262BF73A1} = {27FBD3A6-70C9-3A72-B128-C9F0CDE1506D}
		{9623601E-E857-325D-B552-CD049CE105D9} = {D6A32E98-45CA-3A59-B6F8-09C262BF73A1}
		{7DF6C545-A821-3BE2-A05A-B24C8EB89931} = {27FBD3A6-70C9-3A72-B128-C9F0CDE1506D}
		{31DD0157-CDC8-35AB-A2D8-11CA95A02AFC} = {7DF6C545-A821-3BE2-A05A-B24C8EB89931}
		{6A29EF53-5419-3D41-BED9-FEB2B54D6E75} = {27FBD3A6-70C9-3A72-B128-C9F0CDE1506D}
		{A36D1666-0A57-3D02-8CF9-D5CE88C1DFF8} = {6A29EF53-5419-3D41-BED9-FEB2B54D6E75}
		{65C9F4F3-97E0-30DA-936A-1418095BAC52} = {A36D1666-0A57-3D02-8CF9-D5CE88C1DFF8}
		{F729F3B1-6797-30E9-8DDE-3A2344905462} = {A36D1666-0A57-3D02-8CF9-D5CE88C1DFF8}
		{60B6FECD-EA7E-30AD-9CD3-3EA4ADC0C817} = {27FBD3A6-70C9-3A72-B128-C9F0CDE1506D}
		{AD6FD8FC-5638-3F5B-AF4B-DB0CDFC51627} = {60B6FECD-EA7E-30AD-9CD3-3EA4ADC0C817}
		{0BD01552-CF32-3398-9EC4-DBDF3E5C6C7C} = {27FBD3A6-70C9-3A72-B128-C9F0CDE1506D}
		{AD90847C-A1DF-3786-99CF-75622F5CFCD4} = {0BD01552-CF32-3398-9EC4-DBDF3E5C6C7C}
		{6EDE8F2B-9480-355F-B0DF-7A68DFBFE668} = {27FBD3A6-70C9-3A72-B128-C9F0CDE1506D}
		{43C08803-2A33-3148-9CBB-D68EA66228A3} = {6EDE8F2B-9480-355F-B0DF-7A68DFBFE668}
		{D32304BE-B860-35A6-9C8D-3F4FF2347F4D} = {5221E310-5B35-35B8-895B-693639626EA2}
		{4BAA158E-56DD-34EF-8769-06022601A576} = {5221E310-5B35-35B8-895B-693639626EA2}
		{67AD1A95-CF33-3B7A-B2C6-D96636A8B229} = {ECCDF33E-AEA6-39BF-9404-AE8F2914D295}
		{666256E3-CB1C-3B46-9927-E7AD685864B9} = {C7EEA3E4-5FED-352B-93C2-86CAF5B05F1B}
		{0F5123CA-19B8-350A-BD4F-A4DB94D0D0D6} = {C7EEA3E4-5FED-352B-93C2-86CAF5B05F1B}
		{72DB73EE-70A1-3FFF-BF66-0075EAA0494E} = {D24918BF-F770-35D7-AAF5-5E1A918FB826}
		{FF17215D-0397-37F1-847C-FD6D72281FC5} = {D24918BF-F770-35D7-AAF5-5E1A918FB826}
		{30AE572E-53FF-368D-88F0-11BB595C67D7} = {D24918BF-F770-35D7-AAF5-5E1A918FB826}
		{C31C554A-4458-3492-BB4E-B7BA13A85896} = {DE5FEE34-211E-34D4-A3E8-BE7197104858}
		{EB9F2422-E213-3A53-8537-5817A3548016} = {298EC1A5-9874-361D-8629-50EBCBF52F00}
		{24F42DD9-58CD-3BEE-8F21-47C7F0BF41B9} = {8C18CD68-9354-32D5-B93D-CC29E172390E}
		{C883C92D-0F07-321A-847C-03BB45FF963F} = {EDFBC485-0ACF-3FBD-93E4-168038A3A26B}
		{EDC0AF1B-9140-33C5-B85E-21BC5F498507} = {11B063EB-1D18-3582-BC3E-654A71E1D5CE}
		{09C749DE-F35C-3210-AB61-EA1C9C30C2DF} = {72642F40-6D71-3E19-9AE2-DBD71BD07521}
		{C82F822B-186C-3F28-AA2E-EE5E702AAB0E} = {433B28CD-3455-37ED-B13F-12997E0BFC1A}
		{F02DA192-8A67-33E6-85CF-111C65A78CFC} = {55CEA050-0CB7-36D3-8D61-12260AD4DB01}
		{74F34DD4-5EDC-3BDF-9433-A4D5A5152B32} = {67AD1A95-CF33-3B7A-B2C6-D96636A8B229}
		{41ABFC0C-7B84-344B-B0D8-885A1098C01E} = {D32304BE-B860-35A6-9C8D-3F4FF2347F4D}
		{7EAD7FFE-E976-33A9-91C9-8469104245DB} = {61D0D129-B35A-3E95-A6BA-8849B2044B82}
		{3DFA8286-D4C0-3400-AAD4-B879EAC345C5} = {06C27F28-3188-34A5-9938-5BF6C8958DE5}
		{AD3A65C4-BC3D-3CBE-800C-AB40E67718CC} = {B167FCA6-4B90-335E-8353-493487018B8B}
		{3D31FE39-88FF-3AB1-8575-1927EC68308C} = {B4425B45-6D04-3AD3-84FF-A5030839FF26}
		{02D3EEE4-13E9-3AAF-A314-917107CD3550} = {9623601E-E857-325D-B552-CD049CE105D9}
		{17CEF496-7EF4-3671-8877-6BD5F74292D9} = {31DD0157-CDC8-35AB-A2D8-11CA95A02AFC}
		{ABD31983-4CE8-3A08-BF7C-13EE82AA48E2} = {A36D1666-0A57-3D02-8CF9-D5CE88C1DFF8}
		{AFE2F405-1F27-356F-8960-4361E7CD2C8A} = {65C9F4F3-97E0-30DA-936A-1418095BAC52}
		{95B8D1E8-D34C-3C61-8CB8-FC9BEEBD8F4D} = {F729F3B1-6797-30E9-8DDE-3A2344905462}
		{0064267A-6CAC-30B7-9B29-F18C8E4C9DB5} = {E556E63A-4136-3D1B-9DF8-1F8F7A692320}
		{44F2B05E-A329-3BD3-82B7-AE109E3833E1} = {AD6FD8FC-5638-3F5B-AF4B-DB0CDFC51627}
		{BBB7A2E1-9356-3B2D-96E7-A5283A76BE3B} = {AD90847C-A1DF-3786-99CF-75622F5CFCD4}
		{16266A00-A343-334B-9631-724882F14973} = {43C08803-2A33-3148-9CBB-D68EA66228A3}
		{352DD91F-B7E8-3086-81BF-6B5254E341A9} = {4BAA158E-56DD-34EF-8769-06022601A576}
		{25A02BD2-E6CA-3248-86D6-0A18B3EF81AF} = {0F5123CA-19B8-350A-BD4F-A4DB94D0D0D6}
		{B593F5DD-9620-3313-806F-E69AAC333EFA} = {666256E3-CB1C-3B46-9927-E7AD685864B9}
		{FE2D332D-9E27-33CE-886B-F06E3D5C3D36} = {666256E3-CB1C-3B46-9927-E7AD685864B9}
		{62F9DA80-41C3-3456-B4F1-037F99D5DF01} = {666256E3-CB1C-3B46-9927-E7AD685864B9}
	EndGlobalSection
	GlobalSection(ExtensibilityGlobals) = postSolution
		SolutionGuid = {956F7EBC-C7DC-3BD5-9476-AB0DFC8D0356}
	EndGlobalSection
EndGlobal
