Microsoft Visual Studio Solution File, Format Version 12.00
# Visual Studio 15
Project("{2150E333-8FDC-42A3-9474-1A3956D46DE8}") = "CMakePredefinedTargets", "CMakePredefinedTargets", "{D24918BF-F770-35D7-AAF5-5E1A918FB826}"
EndProject
Project("{2150E333-8FDC-42A3-9474-1A3956D46DE8}") = "WinPR", "WinPR", "{C7EEA3E4-5FED-352B-93C2-86CAF5B05F1B}"
EndProject
Project("{2150E333-8FDC-42A3-9474-1A3956D46DE8}") = "Tools", "WinPR\Tools", "{666256E3-CB1C-3B46-9927-E7AD685864B9}"
EndProject
Project("{2150E333-8FDC-42A3-9474-1A3956D46DE8}") = "libwinpr", "WinPR\libwinpr", "{0F5123CA-19B8-350A-BD4F-A4DB94D0D0D6}"
EndProject
Project("{8BC9CEB8-8B4A-11D0-8D11-00A0C91BC942}") = "ALL_BUILD", "ALL_BUILD.vcxproj", "{72DB73EE-70A1-3FFF-BF66-0075EAA0494E}"
	ProjectSection(ProjectDependencies) = postProject
		{25A02BD2-E6CA-3248-86D6-0A18B3EF81AF} = {25A02BD2-E6CA-3248-86D6-0A18B3EF81AF}
		{B593F5DD-9620-3313-806F-E69AAC333EFA} = {B593F5DD-9620-3313-806F-E69AAC333EFA}
		{FE2D332D-9E27-33CE-886B-F06E3D5C3D36} = {FE2D332D-9E27-33CE-886B-F06E3D5C3D36}
		{62F9DA80-41C3-3456-B4F1-037F99D5DF01} = {62F9DA80-41C3-3456-B4F1-037F99D5DF01}
	EndProjectSection
EndProject
Project("{8BC9CEB8-8B4A-11D0-8D11-00A0C91BC942}") = "INSTALL", "INSTALL.vcxproj", "{FF17215D-0397-37F1-847C-FD6D72281FC5}"
	ProjectSection(ProjectDependencies) = postProject
		{72DB73EE-70A1-3FFF-BF66-0075EAA0494E} = {72DB73EE-70A1-3FFF-BF66-0075EAA0494E}
	EndProjectSection
EndProject
Project("{8BC9CEB8-8B4A-11D0-8D11-00A0C91BC942}") = "PACKAGE", "PACKAGE.vcxproj", "{30AE572E-53FF-368D-88F0-11BB595C67D7}"
	ProjectSection(ProjectDependencies) = postProject
		{72DB73EE-70A1-3FFF-BF66-0075EAA0494E} = {72DB73EE-70A1-3FFF-BF66-0075EAA0494E}
	EndProjectSection
EndProject
Project("{8BC9CEB8-8B4A-11D0-8D11-00A0C91BC942}") = "winpr", "libwinpr\winpr.vcxproj", "{25A02BD2-E6CA-3248-86D6-0A18B3EF81AF}"
	ProjectSection(ProjectDependencies) = postProject
	EndProjectSection
EndProject
Project("{8BC9CEB8-8B4A-11D0-8D11-00A0C91BC942}") = "winpr-hash", "tools\hash-cli\winpr-hash.vcxproj", "{B593F5DD-9620-3313-806F-E69AAC333EFA}"
	ProjectSection(ProjectDependencies) = postProject
		{25A02BD2-E6CA-3248-86D6-0A18B3EF81AF} = {25A02BD2-E6CA-3248-86D6-0A18B3EF81AF}
	EndProjectSection
EndProject
Project("{8BC9CEB8-8B4A-11D0-8D11-00A0C91BC942}") = "winpr-makecert", "tools\makecert-cli\winpr-makecert.vcxproj", "{FE2D332D-9E27-33CE-886B-F06E3D5C3D36}"
	ProjectSection(ProjectDependencies) = postProject
		{25A02BD2-E6CA-3248-86D6-0A18B3EF81AF} = {25A02BD2-E6CA-3248-86D6-0A18B3EF81AF}
		{62F9DA80-41C3-3456-B4F1-037F99D5DF01} = {62F9DA80-41C3-3456-B4F1-037F99D5DF01}
	EndProjectSection
EndProject
Project("{8BC9CEB8-8B4A-11D0-8D11-00A0C91BC942}") = "winpr-tools", "tools\winpr-tools.vcxproj", "{62F9DA80-41C3-3456-B4F1-037F99D5DF01}"
	ProjectSection(ProjectDependencies) = postProject
		{25A02BD2-E6CA-3248-86D6-0A18B3EF81AF} = {25A02BD2-E6CA-3248-86D6-0A18B3EF81AF}
	EndProjectSection
EndProject
Global
	GlobalSection(SolutionConfigurationPlatforms) = preSolution
		Debug|Win32 = Debug|Win32
		Release|Win32 = Release|Win32
		MinSizeRel|Win32 = MinSizeRel|Win32
		RelWithDebInfo|Win32 = RelWithDebInfo|Win32
	EndGlobalSection
	GlobalSection(ProjectConfigurationPlatforms) = postSolution
		{72DB73EE-70A1-3FFF-BF66-0075EAA0494E}.Debug|Win32.ActiveCfg = Debug|Win32
		{72DB73EE-70A1-3FFF-BF66-0075EAA0494E}.Debug|Win32.Build.0 = Debug|Win32
		{72DB73EE-70A1-3FFF-BF66-0075EAA0494E}.Release|Win32.ActiveCfg = Release|Win32
		{72DB73EE-70A1-3FFF-BF66-0075EAA0494E}.Release|Win32.Build.0 = Release|Win32
		{72DB73EE-70A1-3FFF-BF66-0075EAA0494E}.MinSizeRel|Win32.ActiveCfg = MinSizeRel|Win32
		{72DB73EE-70A1-3FFF-BF66-0075EAA0494E}.MinSizeRel|Win32.Build.0 = MinSizeRel|Win32
		{72DB73EE-70A1-3FFF-BF66-0075EAA0494E}.RelWithDebInfo|Win32.ActiveCfg = RelWithDebInfo|Win32
		{72DB73EE-70A1-3FFF-BF66-0075EAA0494E}.RelWithDebInfo|Win32.Build.0 = RelWithDebInfo|Win32
		{FF17215D-0397-37F1-847C-FD6D72281FC5}.Debug|Win32.ActiveCfg = Debug|Win32
		{FF17215D-0397-37F1-847C-FD6D72281FC5}.Release|Win32.ActiveCfg = Release|Win32
		{FF17215D-0397-37F1-847C-FD6D72281FC5}.MinSizeRel|Win32.ActiveCfg = MinSizeRel|Win32
		{FF17215D-0397-37F1-847C-FD6D72281FC5}.RelWithDebInfo|Win32.ActiveCfg = RelWithDebInfo|Win32
		{30AE572E-53FF-368D-88F0-11BB595C67D7}.Debug|Win32.ActiveCfg = Debug|Win32
		{30AE572E-53FF-368D-88F0-11BB595C67D7}.Release|Win32.ActiveCfg = Release|Win32
		{30AE572E-53FF-368D-88F0-11BB595C67D7}.MinSizeRel|Win32.ActiveCfg = MinSizeRel|Win32
		{30AE572E-53FF-368D-88F0-11BB595C67D7}.RelWithDebInfo|Win32.ActiveCfg = RelWithDebInfo|Win32
		{25A02BD2-E6CA-3248-86D6-0A18B3EF81AF}.Debug|Win32.ActiveCfg = Debug|Win32
		{25A02BD2-E6CA-3248-86D6-0A18B3EF81AF}.Debug|Win32.Build.0 = Debug|Win32
		{25A02BD2-E6CA-3248-86D6-0A18B3EF81AF}.Release|Win32.ActiveCfg = Release|Win32
		{25A02BD2-E6CA-3248-86D6-0A18B3EF81AF}.Release|Win32.Build.0 = Release|Win32
		{25A02BD2-E6CA-3248-86D6-0A18B3EF81AF}.MinSizeRel|Win32.ActiveCfg = MinSizeRel|Win32
		{25A02BD2-E6CA-3248-86D6-0A18B3EF81AF}.MinSizeRel|Win32.Build.0 = MinSizeRel|Win32
		{25A02BD2-E6CA-3248-86D6-0A18B3EF81AF}.RelWithDebInfo|Win32.ActiveCfg = RelWithDebInfo|Win32
		{25A02BD2-E6CA-3248-86D6-0A18B3EF81AF}.RelWithDebInfo|Win32.Build.0 = RelWithDebInfo|Win32
		{B593F5DD-9620-3313-806F-E69AAC333EFA}.Debug|Win32.ActiveCfg = Debug|Win32
		{B593F5DD-9620-3313-806F-E69AAC333EFA}.Debug|Win32.Build.0 = Debug|Win32
		{B593F5DD-9620-3313-806F-E69AAC333EFA}.Release|Win32.ActiveCfg = Release|Win32
		{B593F5DD-9620-3313-806F-E69AAC333EFA}.Release|Win32.Build.0 = Release|Win32
		{B593F5DD-9620-3313-806F-E69AAC333EFA}.MinSizeRel|Win32.ActiveCfg = MinSizeRel|Win32
		{B593F5DD-9620-3313-806F-E69AAC333EFA}.MinSizeRel|Win32.Build.0 = MinSizeRel|Win32
		{B593F5DD-9620-3313-806F-E69AAC333EFA}.RelWithDebInfo|Win32.ActiveCfg = RelWithDebInfo|Win32
		{B593F5DD-9620-3313-806F-E69AAC333EFA}.RelWithDebInfo|Win32.Build.0 = RelWithDebInfo|Win32
		{FE2D332D-9E27-33CE-886B-F06E3D5C3D36}.Debug|Win32.ActiveCfg = Debug|Win32
		{FE2D332D-9E27-33CE-886B-F06E3D5C3D36}.Debug|Win32.Build.0 = Debug|Win32
		{FE2D332D-9E27-33CE-886B-F06E3D5C3D36}.Release|Win32.ActiveCfg = Release|Win32
		{FE2D332D-9E27-33CE-886B-F06E3D5C3D36}.Release|Win32.Build.0 = Release|Win32
		{FE2D332D-9E27-33CE-886B-F06E3D5C3D36}.MinSizeRel|Win32.ActiveCfg = MinSizeRel|Win32
		{FE2D332D-9E27-33CE-886B-F06E3D5C3D36}.MinSizeRel|Win32.Build.0 = MinSizeRel|Win32
		{FE2D332D-9E27-33CE-886B-F06E3D5C3D36}.RelWithDebInfo|Win32.ActiveCfg = RelWithDebInfo|Win32
		{FE2D332D-9E27-33CE-886B-F06E3D5C3D36}.RelWithDebInfo|Win32.Build.0 = RelWithDebInfo|Win32
		{62F9DA80-41C3-3456-B4F1-037F99D5DF01}.Debug|Win32.ActiveCfg = Debug|Win32
		{62F9DA80-41C3-3456-B4F1-037F99D5DF01}.Debug|Win32.Build.0 = Debug|Win32
		{62F9DA80-41C3-3456-B4F1-037F99D5DF01}.Release|Win32.ActiveCfg = Release|Win32
		{62F9DA80-41C3-3456-B4F1-037F99D5DF01}.Release|Win32.Build.0 = Release|Win32
		{62F9DA80-41C3-3456-B4F1-037F99D5DF01}.MinSizeRel|Win32.ActiveCfg = MinSizeRel|Win32
		{62F9DA80-41C3-3456-B4F1-037F99D5DF01}.MinSizeRel|Win32.Build.0 = MinSizeRel|Win32
		{62F9DA80-41C3-3456-B4F1-037F99D5DF01}.RelWithDebInfo|Win32.ActiveCfg = RelWithDebInfo|Win32
		{62F9DA80-41C3-3456-B4F1-037F99D5DF01}.RelWithDebInfo|Win32.Build.0 = RelWithDebInfo|Win32
	EndGlobalSection
	GlobalSection(NestedProjects) = preSolution
		{72DB73EE-70A1-3FFF-BF66-0075EAA0494E} = {D24918BF-F770-35D7-AAF5-5E1A918FB826}
		{FF17215D-0397-37F1-847C-FD6D72281FC5} = {D24918BF-F770-35D7-AAF5-5E1A918FB826}
		{30AE572E-53FF-368D-88F0-11BB595C67D7} = {D24918BF-F770-35D7-AAF5-5E1A918FB826}
		{666256E3-CB1C-3B46-9927-E7AD685864B9} = {C7EEA3E4-5FED-352B-93C2-86CAF5B05F1B}
		{0F5123CA-19B8-350A-BD4F-A4DB94D0D0D6} = {C7EEA3E4-5FED-352B-93C2-86CAF5B05F1B}
		{B593F5DD-9620-3313-806F-E69AAC333EFA} = {666256E3-CB1C-3B46-9927-E7AD685864B9}
		{FE2D332D-9E27-33CE-886B-F06E3D5C3D36} = {666256E3-CB1C-3B46-9927-E7AD685864B9}
		{62F9DA80-41C3-3456-B4F1-037F99D5DF01} = {666256E3-CB1C-3B46-9927-E7AD685864B9}
		{25A02BD2-E6CA-3248-86D6-0A18B3EF81AF} = {0F5123CA-19B8-350A-BD4F-A4DB94D0D0D6}
	EndGlobalSection
	GlobalSection(ExtensibilityGlobals) = postSolution
		SolutionGuid = {97407162-1FF0-36D0-83F4-C1159A1B9C12}
	EndGlobalSection
	GlobalSection(ExtensibilityAddIns) = postSolution
	EndGlobalSection
EndGlobal
