<?xml version="1.0" encoding="utf-8"?>
<Project ToolsVersion="15.0" xmlns="http://schemas.microsoft.com/developer/msbuild/2003">
  <ItemGroup>
    <ClCompile Include="D:\GitHub\FreeRDP\libfreerdp\utils\passphrase.c">
      <Filter>Source Files</Filter>
    </ClCompile>
    <ClCompile Include="D:\GitHub\FreeRDP\libfreerdp\utils\pcap.c">
      <Filter>Source Files</Filter>
    </ClCompile>
    <ClCompile Include="D:\GitHub\FreeRDP\libfreerdp\utils\profiler.c">
      <Filter>Source Files</Filter>
    </ClCompile>
    <ClCompile Include="D:\GitHub\FreeRDP\libfreerdp\utils\ringbuffer.c">
      <Filter>Source Files</Filter>
    </ClCompile>
    <ClCompile Include="D:\GitHub\FreeRDP\libfreerdp\utils\signal.c">
      <Filter>Source Files</Filter>
    </ClCompile>
    <ClCompile Include="D:\GitHub\FreeRDP\libfreerdp\utils\stopwatch.c">
      <Filter>Source Files</Filter>
    </ClCompile>
    <ClCompile Include="D:\GitHub\FreeRDP\libfreerdp\common\addin.c">
      <Filter>Source Files</Filter>
    </ClCompile>
    <ClCompile Include="D:\GitHub\FreeRDP\libfreerdp\common\settings.c">
      <Filter>Source Files</Filter>
    </ClCompile>
    <ClCompile Include="D:\GitHub\FreeRDP\libfreerdp\common\assistance.c">
      <Filter>Source Files</Filter>
    </ClCompile>
    <ClCompile Include="D:\GitHub\FreeRDP\libfreerdp\gdi\bitmap.c">
      <Filter>Source Files</Filter>
    </ClCompile>
    <ClCompile Include="D:\GitHub\FreeRDP\libfreerdp\gdi\brush.c">
      <Filter>Source Files</Filter>
    </ClCompile>
    <ClCompile Include="D:\GitHub\FreeRDP\libfreerdp\gdi\clipping.c">
      <Filter>Source Files</Filter>
    </ClCompile>
    <ClCompile Include="D:\GitHub\FreeRDP\libfreerdp\gdi\dc.c">
      <Filter>Source Files</Filter>
    </ClCompile>
    <ClCompile Include="D:\GitHub\FreeRDP\libfreerdp\gdi\drawing.c">
      <Filter>Source Files</Filter>
    </ClCompile>
    <ClCompile Include="D:\GitHub\FreeRDP\libfreerdp\gdi\line.c">
      <Filter>Source Files</Filter>
    </ClCompile>
    <ClCompile Include="D:\GitHub\FreeRDP\libfreerdp\gdi\pen.c">
      <Filter>Source Files</Filter>
    </ClCompile>
    <ClCompile Include="D:\GitHub\FreeRDP\libfreerdp\gdi\region.c">
      <Filter>Source Files</Filter>
    </ClCompile>
    <ClCompile Include="D:\GitHub\FreeRDP\libfreerdp\gdi\shape.c">
      <Filter>Source Files</Filter>
    </ClCompile>
    <ClCompile Include="D:\GitHub\FreeRDP\libfreerdp\gdi\graphics.c">
      <Filter>Source Files</Filter>
    </ClCompile>
    <ClCompile Include="D:\GitHub\FreeRDP\libfreerdp\gdi\gfx.c">
      <Filter>Source Files</Filter>
    </ClCompile>
    <ClCompile Include="D:\GitHub\FreeRDP\libfreerdp\gdi\video.c">
      <Filter>Source Files</Filter>
    </ClCompile>
    <ClCompile Include="D:\GitHub\FreeRDP\libfreerdp\gdi\gdi.c">
      <Filter>Source Files</Filter>
    </ClCompile>
    <ClCompile Include="D:\GitHub\FreeRDP\libfreerdp\cache\brush.c">
      <Filter>Source Files</Filter>
    </ClCompile>
    <ClCompile Include="D:\GitHub\FreeRDP\libfreerdp\cache\pointer.c">
      <Filter>Source Files</Filter>
    </ClCompile>
    <ClCompile Include="D:\GitHub\FreeRDP\libfreerdp\cache\bitmap.c">
      <Filter>Source Files</Filter>
    </ClCompile>
    <ClCompile Include="D:\GitHub\FreeRDP\libfreerdp\cache\nine_grid.c">
      <Filter>Source Files</Filter>
    </ClCompile>
    <ClCompile Include="D:\GitHub\FreeRDP\libfreerdp\cache\offscreen.c">
      <Filter>Source Files</Filter>
    </ClCompile>
    <ClCompile Include="D:\GitHub\FreeRDP\libfreerdp\cache\palette.c">
      <Filter>Source Files</Filter>
    </ClCompile>
    <ClCompile Include="D:\GitHub\FreeRDP\libfreerdp\cache\glyph.c">
      <Filter>Source Files</Filter>
    </ClCompile>
    <ClCompile Include="D:\GitHub\FreeRDP\libfreerdp\cache\cache.c">
      <Filter>Source Files</Filter>
    </ClCompile>
    <ClCompile Include="D:\GitHub\FreeRDP\libfreerdp\crypto\er.c">
      <Filter>Source Files</Filter>
    </ClCompile>
    <ClCompile Include="D:\GitHub\FreeRDP\libfreerdp\crypto\der.c">
      <Filter>Source Files</Filter>
    </ClCompile>
    <ClCompile Include="D:\GitHub\FreeRDP\libfreerdp\crypto\ber.c">
      <Filter>Source Files</Filter>
    </ClCompile>
    <ClCompile Include="D:\GitHub\FreeRDP\libfreerdp\crypto\per.c">
      <Filter>Source Files</Filter>
    </ClCompile>
    <ClCompile Include="D:\GitHub\FreeRDP\libfreerdp\crypto\base64.c">
      <Filter>Source Files</Filter>
    </ClCompile>
    <ClCompile Include="D:\GitHub\FreeRDP\libfreerdp\crypto\certificate.c">
      <Filter>Source Files</Filter>
    </ClCompile>
    <ClCompile Include="D:\GitHub\FreeRDP\libfreerdp\crypto\crypto.c">
      <Filter>Source Files</Filter>
    </ClCompile>
    <ClCompile Include="D:\GitHub\FreeRDP\libfreerdp\crypto\tls.c">
      <Filter>Source Files</Filter>
    </ClCompile>
    <ClCompile Include="D:\GitHub\FreeRDP\libfreerdp\crypto\opensslcompat.c">
      <Filter>Source Files</Filter>
    </ClCompile>
    <ClCompile Include="D:\GitHub\FreeRDP\libfreerdp\locale\keyboard_layout.c">
      <Filter>Source Files</Filter>
    </ClCompile>
    <ClCompile Include="D:\GitHub\FreeRDP\libfreerdp\locale\keyboard.c">
      <Filter>Source Files</Filter>
    </ClCompile>
    <ClCompile Include="D:\GitHub\FreeRDP\libfreerdp\locale\locale.c">
      <Filter>Source Files</Filter>
    </ClCompile>
    <ClCompile Include="D:\GitHub\FreeRDP\libfreerdp\core\bulk.c">
      <Filter>Source Files</Filter>
    </ClCompile>
    <ClCompile Include="D:\GitHub\FreeRDP\libfreerdp\core\activation.c">
      <Filter>Source Files</Filter>
    </ClCompile>
    <ClCompile Include="D:\GitHub\FreeRDP\libfreerdp\core\gcc.c">
      <Filter>Source Files</Filter>
    </ClCompile>
    <ClCompile Include="D:\GitHub\FreeRDP\libfreerdp\core\mcs.c">
      <Filter>Source Files</Filter>
    </ClCompile>
    <ClCompile Include="D:\GitHub\FreeRDP\libfreerdp\core\nla.c">
      <Filter>Source Files</Filter>
    </ClCompile>
    <ClCompile Include="D:\GitHub\FreeRDP\libfreerdp\core\nego.c">
      <Filter>Source Files</Filter>
    </ClCompile>
    <ClCompile Include="D:\GitHub\FreeRDP\libfreerdp\core\info.c">
      <Filter>Source Files</Filter>
    </ClCompile>
    <ClCompile Include="D:\GitHub\FreeRDP\libfreerdp\core\input.c">
      <Filter>Source Files</Filter>
    </ClCompile>
    <ClCompile Include="D:\GitHub\FreeRDP\libfreerdp\core\license.c">
      <Filter>Source Files</Filter>
    </ClCompile>
    <ClCompile Include="D:\GitHub\FreeRDP\libfreerdp\core\errinfo.c">
      <Filter>Source Files</Filter>
    </ClCompile>
    <ClCompile Include="D:\GitHub\FreeRDP\libfreerdp\core\errbase.c">
      <Filter>Source Files</Filter>
    </ClCompile>
    <ClCompile Include="D:\GitHub\FreeRDP\libfreerdp\core\errconnect.c">
      <Filter>Source Files</Filter>
    </ClCompile>
    <ClCompile Include="D:\GitHub\FreeRDP\libfreerdp\core\security.c">
      <Filter>Source Files</Filter>
    </ClCompile>
    <ClCompile Include="D:\GitHub\FreeRDP\libfreerdp\core\settings.c">
      <Filter>Source Files</Filter>
    </ClCompile>
    <ClCompile Include="D:\GitHub\FreeRDP\libfreerdp\core\orders.c">
      <Filter>Source Files</Filter>
    </ClCompile>
    <ClCompile Include="D:\GitHub\FreeRDP\libfreerdp\core\freerdp.c">
      <Filter>Source Files</Filter>
    </ClCompile>
    <ClCompile Include="D:\GitHub\FreeRDP\libfreerdp\core\graphics.c">
      <Filter>Source Files</Filter>
    </ClCompile>
    <ClCompile Include="D:\GitHub\FreeRDP\libfreerdp\core\client.c">
      <Filter>Source Files</Filter>
    </ClCompile>
    <ClCompile Include="D:\GitHub\FreeRDP\libfreerdp\core\server.c">
      <Filter>Source Files</Filter>
    </ClCompile>
    <ClCompile Include="D:\GitHub\FreeRDP\libfreerdp\core\codecs.c">
      <Filter>Source Files</Filter>
    </ClCompile>
    <ClCompile Include="D:\GitHub\FreeRDP\libfreerdp\core\metrics.c">
      <Filter>Source Files</Filter>
    </ClCompile>
    <ClCompile Include="D:\GitHub\FreeRDP\libfreerdp\core\capabilities.c">
      <Filter>Source Files</Filter>
    </ClCompile>
    <ClCompile Include="D:\GitHub\FreeRDP\libfreerdp\core\certificate.c">
      <Filter>Source Files</Filter>
    </ClCompile>
    <ClCompile Include="D:\GitHub\FreeRDP\libfreerdp\core\connection.c">
      <Filter>Source Files</Filter>
    </ClCompile>
    <ClCompile Include="D:\GitHub\FreeRDP\libfreerdp\core\redirection.c">
      <Filter>Source Files</Filter>
    </ClCompile>
    <ClCompile Include="D:\GitHub\FreeRDP\libfreerdp\core\autodetect.c">
      <Filter>Source Files</Filter>
    </ClCompile>
    <ClCompile Include="D:\GitHub\FreeRDP\libfreerdp\core\heartbeat.c">
      <Filter>Source Files</Filter>
    </ClCompile>
    <ClCompile Include="D:\GitHub\FreeRDP\libfreerdp\core\multitransport.c">
      <Filter>Source Files</Filter>
    </ClCompile>
    <ClCompile Include="D:\GitHub\FreeRDP\libfreerdp\core\timezone.c">
      <Filter>Source Files</Filter>
    </ClCompile>
    <ClCompile Include="D:\GitHub\FreeRDP\libfreerdp\core\rdp.c">
      <Filter>Source Files</Filter>
    </ClCompile>
    <ClCompile Include="D:\GitHub\FreeRDP\libfreerdp\core\tcp.c">
      <Filter>Source Files</Filter>
    </ClCompile>
    <ClCompile Include="D:\GitHub\FreeRDP\libfreerdp\core\proxy.c">
      <Filter>Source Files</Filter>
    </ClCompile>
    <ClCompile Include="D:\GitHub\FreeRDP\libfreerdp\core\tpdu.c">
      <Filter>Source Files</Filter>
    </ClCompile>
    <ClCompile Include="D:\GitHub\FreeRDP\libfreerdp\core\tpkt.c">
      <Filter>Source Files</Filter>
    </ClCompile>
    <ClCompile Include="D:\GitHub\FreeRDP\libfreerdp\core\fastpath.c">
      <Filter>Source Files</Filter>
    </ClCompile>
    <ClCompile Include="D:\GitHub\FreeRDP\libfreerdp\core\surface.c">
      <Filter>Source Files</Filter>
    </ClCompile>
    <ClCompile Include="D:\GitHub\FreeRDP\libfreerdp\core\transport.c">
      <Filter>Source Files</Filter>
    </ClCompile>
    <ClCompile Include="D:\GitHub\FreeRDP\libfreerdp\core\update.c">
      <Filter>Source Files</Filter>
    </ClCompile>
    <ClCompile Include="D:\GitHub\FreeRDP\libfreerdp\core\message.c">
      <Filter>Source Files</Filter>
    </ClCompile>
    <ClCompile Include="D:\GitHub\FreeRDP\libfreerdp\core\channels.c">
      <Filter>Source Files</Filter>
    </ClCompile>
    <ClCompile Include="D:\GitHub\FreeRDP\libfreerdp\core\window.c">
      <Filter>Source Files</Filter>
    </ClCompile>
    <ClCompile Include="D:\GitHub\FreeRDP\libfreerdp\core\listener.c">
      <Filter>Source Files</Filter>
    </ClCompile>
    <ClCompile Include="D:\GitHub\FreeRDP\libfreerdp\core\peer.c">
      <Filter>Source Files</Filter>
    </ClCompile>
    <ClCompile Include="D:\GitHub\FreeRDP\libfreerdp\core\gateway\tsg.c">
      <Filter>Source Files</Filter>
    </ClCompile>
    <ClCompile Include="D:\GitHub\FreeRDP\libfreerdp\core\gateway\rdg.c">
      <Filter>Source Files</Filter>
    </ClCompile>
    <ClCompile Include="D:\GitHub\FreeRDP\libfreerdp\core\gateway\rpc.c">
      <Filter>Source Files</Filter>
    </ClCompile>
    <ClCompile Include="D:\GitHub\FreeRDP\libfreerdp\core\gateway\rpc_bind.c">
      <Filter>Source Files</Filter>
    </ClCompile>
    <ClCompile Include="D:\GitHub\FreeRDP\libfreerdp\core\gateway\rpc_client.c">
      <Filter>Source Files</Filter>
    </ClCompile>
    <ClCompile Include="D:\GitHub\FreeRDP\libfreerdp\core\gateway\rpc_fault.c">
      <Filter>Source Files</Filter>
    </ClCompile>
    <ClCompile Include="D:\GitHub\FreeRDP\libfreerdp\core\gateway\rts.c">
      <Filter>Source Files</Filter>
    </ClCompile>
    <ClCompile Include="D:\GitHub\FreeRDP\libfreerdp\core\gateway\rts_signature.c">
      <Filter>Source Files</Filter>
    </ClCompile>
    <ClCompile Include="D:\GitHub\FreeRDP\libfreerdp\core\gateway\ntlm.c">
      <Filter>Source Files</Filter>
    </ClCompile>
    <ClCompile Include="D:\GitHub\FreeRDP\libfreerdp\core\gateway\http.c">
      <Filter>Source Files</Filter>
    </ClCompile>
    <ClCompile Include="D:\GitHub\FreeRDP\libfreerdp\core\gateway\ncacn_http.c">
      <Filter>Source Files</Filter>
    </ClCompile>
    <ClCompile Include="D:\GitHub\FreeRDP\libfreerdp\codec\dsp.c">
      <Filter>Source Files</Filter>
    </ClCompile>
    <ClCompile Include="D:\GitHub\FreeRDP\libfreerdp\codec\color.c">
      <Filter>Source Files</Filter>
    </ClCompile>
    <ClCompile Include="D:\GitHub\FreeRDP\libfreerdp\codec\audio.c">
      <Filter>Source Files</Filter>
    </ClCompile>
    <ClCompile Include="D:\GitHub\FreeRDP\libfreerdp\codec\planar.c">
      <Filter>Source Files</Filter>
    </ClCompile>
    <ClCompile Include="D:\GitHub\FreeRDP\libfreerdp\codec\bitmap.c">
      <Filter>Source Files</Filter>
    </ClCompile>
    <ClCompile Include="D:\GitHub\FreeRDP\libfreerdp\codec\interleaved.c">
      <Filter>Source Files</Filter>
    </ClCompile>
    <ClCompile Include="D:\GitHub\FreeRDP\libfreerdp\codec\progressive.c">
      <Filter>Source Files</Filter>
    </ClCompile>
    <ClCompile Include="D:\GitHub\FreeRDP\libfreerdp\codec\rfx_decode.c">
      <Filter>Source Files</Filter>
    </ClCompile>
    <ClCompile Include="D:\GitHub\FreeRDP\libfreerdp\codec\rfx_dwt.c">
      <Filter>Source Files</Filter>
    </ClCompile>
    <ClCompile Include="D:\GitHub\FreeRDP\libfreerdp\codec\rfx_encode.c">
      <Filter>Source Files</Filter>
    </ClCompile>
    <ClCompile Include="D:\GitHub\FreeRDP\libfreerdp\codec\rfx_quantization.c">
      <Filter>Source Files</Filter>
    </ClCompile>
    <ClCompile Include="D:\GitHub\FreeRDP\libfreerdp\codec\rfx_rlgr.c">
      <Filter>Source Files</Filter>
    </ClCompile>
    <ClCompile Include="D:\GitHub\FreeRDP\libfreerdp\codec\rfx.c">
      <Filter>Source Files</Filter>
    </ClCompile>
    <ClCompile Include="D:\GitHub\FreeRDP\libfreerdp\codec\region.c">
      <Filter>Source Files</Filter>
    </ClCompile>
    <ClCompile Include="D:\GitHub\FreeRDP\libfreerdp\codec\nsc.c">
      <Filter>Source Files</Filter>
    </ClCompile>
    <ClCompile Include="D:\GitHub\FreeRDP\libfreerdp\codec\nsc_encode.c">
      <Filter>Source Files</Filter>
    </ClCompile>
    <ClCompile Include="D:\GitHub\FreeRDP\libfreerdp\codec\ncrush.c">
      <Filter>Source Files</Filter>
    </ClCompile>
    <ClCompile Include="D:\GitHub\FreeRDP\libfreerdp\codec\xcrush.c">
      <Filter>Source Files</Filter>
    </ClCompile>
    <ClCompile Include="D:\GitHub\FreeRDP\libfreerdp\codec\mppc.c">
      <Filter>Source Files</Filter>
    </ClCompile>
    <ClCompile Include="D:\GitHub\FreeRDP\libfreerdp\codec\zgfx.c">
      <Filter>Source Files</Filter>
    </ClCompile>
    <ClCompile Include="D:\GitHub\FreeRDP\libfreerdp\codec\clear.c">
      <Filter>Source Files</Filter>
    </ClCompile>
    <ClCompile Include="D:\GitHub\FreeRDP\libfreerdp\codec\jpeg.c">
      <Filter>Source Files</Filter>
    </ClCompile>
    <ClCompile Include="D:\GitHub\FreeRDP\libfreerdp\codec\h264.c">
      <Filter>Source Files</Filter>
    </ClCompile>
    <ClCompile Include="D:\GitHub\FreeRDP\libfreerdp\codec\yuv.c">
      <Filter>Source Files</Filter>
    </ClCompile>
    <ClCompile Include="D:\GitHub\FreeRDP\libfreerdp\codec\rfx_sse2.c">
      <Filter>Source Files</Filter>
    </ClCompile>
    <ClCompile Include="D:\GitHub\FreeRDP\libfreerdp\codec\nsc_sse2.c">
      <Filter>Source Files</Filter>
    </ClCompile>
    <ClCompile Include="D:\GitHub\FreeRDP\libfreerdp\codec\h264_mf.c">
      <Filter>Source Files</Filter>
    </ClCompile>
    <ClCompile Include="D:\GitHub\FreeRDP\libfreerdp\primitives\prim_add.c">
      <Filter>Source Files</Filter>
    </ClCompile>
    <ClCompile Include="D:\GitHub\FreeRDP\libfreerdp\primitives\prim_andor.c">
      <Filter>Source Files</Filter>
    </ClCompile>
    <ClCompile Include="D:\GitHub\FreeRDP\libfreerdp\primitives\prim_alphaComp.c">
      <Filter>Source Files</Filter>
    </ClCompile>
    <ClCompile Include="D:\GitHub\FreeRDP\libfreerdp\primitives\prim_colors.c">
      <Filter>Source Files</Filter>
    </ClCompile>
    <ClCompile Include="D:\GitHub\FreeRDP\libfreerdp\primitives\prim_copy.c">
      <Filter>Source Files</Filter>
    </ClCompile>
    <ClCompile Include="D:\GitHub\FreeRDP\libfreerdp\primitives\prim_set.c">
      <Filter>Source Files</Filter>
    </ClCompile>
    <ClCompile Include="D:\GitHub\FreeRDP\libfreerdp\primitives\prim_shift.c">
      <Filter>Source Files</Filter>
    </ClCompile>
    <ClCompile Include="D:\GitHub\FreeRDP\libfreerdp\primitives\prim_sign.c">
      <Filter>Source Files</Filter>
    </ClCompile>
    <ClCompile Include="D:\GitHub\FreeRDP\libfreerdp\primitives\prim_YUV.c">
      <Filter>Source Files</Filter>
    </ClCompile>
    <ClCompile Include="D:\GitHub\FreeRDP\libfreerdp\primitives\prim_YCoCg.c">
      <Filter>Source Files</Filter>
    </ClCompile>
    <ClCompile Include="D:\GitHub\FreeRDP\libfreerdp\primitives\primitives.c">
      <Filter>Source Files</Filter>
    </ClCompile>
    <ClCompile Include="D:\GitHub\FreeRDP\libfreerdp\primitives\prim_colors_opt.c">
      <Filter>Source Files</Filter>
    </ClCompile>
    <ClCompile Include="D:\GitHub\FreeRDP\libfreerdp\primitives\prim_set_opt.c">
      <Filter>Source Files</Filter>
    </ClCompile>
    <ClCompile Include="D:\GitHub\FreeRDP\libfreerdp\primitives\prim_add_opt.c">
      <Filter>Source Files</Filter>
    </ClCompile>
    <ClCompile Include="D:\GitHub\FreeRDP\libfreerdp\primitives\prim_alphaComp_opt.c">
      <Filter>Source Files</Filter>
    </ClCompile>
    <ClCompile Include="D:\GitHub\FreeRDP\libfreerdp\primitives\prim_andor_opt.c">
      <Filter>Source Files</Filter>
    </ClCompile>
    <ClCompile Include="D:\GitHub\FreeRDP\libfreerdp\primitives\prim_shift_opt.c">
      <Filter>Source Files</Filter>
    </ClCompile>
    <ClCompile Include="D:\GitHub\FreeRDP\libfreerdp\primitives\prim_sign_opt.c">
      <Filter>Source Files</Filter>
    </ClCompile>
    <ClCompile Include="D:\GitHub\FreeRDP\libfreerdp\primitives\prim_YCoCg_opt.c">
      <Filter>Source Files</Filter>
    </ClCompile>
    <ClCompile Include="D:\GitHub\FreeRDP\libfreerdp\primitives\prim_YUV_ssse3.c">
      <Filter>Source Files</Filter>
    </ClCompile>
  </ItemGroup>
  <ItemGroup>
    <ClInclude Include="D:\GitHub\FreeRDP\libfreerdp\gdi\graphics.h">
      <Filter>Header Files</Filter>
    </ClInclude>
    <ClInclude Include="D:\GitHub\FreeRDP\libfreerdp\gdi\gdi.h">
      <Filter>Header Files</Filter>
    </ClInclude>
    <ClInclude Include="D:\GitHub\FreeRDP\libfreerdp\cache\brush.h">
      <Filter>Header Files</Filter>
    </ClInclude>
    <ClInclude Include="D:\GitHub\FreeRDP\libfreerdp\cache\pointer.h">
      <Filter>Header Files</Filter>
    </ClInclude>
    <ClInclude Include="D:\GitHub\FreeRDP\libfreerdp\cache\bitmap.h">
      <Filter>Header Files</Filter>
    </ClInclude>
    <ClInclude Include="D:\GitHub\FreeRDP\libfreerdp\cache\palette.h">
      <Filter>Header Files</Filter>
    </ClInclude>
    <ClInclude Include="D:\GitHub\FreeRDP\libfreerdp\cache\glyph.h">
      <Filter>Header Files</Filter>
    </ClInclude>
    <ClInclude Include="D:\GitHub\FreeRDP\libfreerdp\cache\cache.h">
      <Filter>Header Files</Filter>
    </ClInclude>
    <ClInclude Include="D:\GitHub\FreeRDP\libfreerdp\locale\liblocale.h">
      <Filter>Header Files</Filter>
    </ClInclude>
    <ClInclude Include="D:\GitHub\FreeRDP\libfreerdp\core\bulk.h">
      <Filter>Header Files</Filter>
    </ClInclude>
    <ClInclude Include="D:\GitHub\FreeRDP\libfreerdp\core\activation.h">
      <Filter>Header Files</Filter>
    </ClInclude>
    <ClInclude Include="D:\GitHub\FreeRDP\libfreerdp\core\gcc.h">
      <Filter>Header Files</Filter>
    </ClInclude>
    <ClInclude Include="D:\GitHub\FreeRDP\libfreerdp\core\mcs.h">
      <Filter>Header Files</Filter>
    </ClInclude>
    <ClInclude Include="D:\GitHub\FreeRDP\libfreerdp\core\nla.h">
      <Filter>Header Files</Filter>
    </ClInclude>
    <ClInclude Include="D:\GitHub\FreeRDP\libfreerdp\core\nego.h">
      <Filter>Header Files</Filter>
    </ClInclude>
    <ClInclude Include="D:\GitHub\FreeRDP\libfreerdp\core\info.h">
      <Filter>Header Files</Filter>
    </ClInclude>
    <ClInclude Include="D:\GitHub\FreeRDP\libfreerdp\core\input.h">
      <Filter>Header Files</Filter>
    </ClInclude>
    <ClInclude Include="D:\GitHub\FreeRDP\libfreerdp\core\license.h">
      <Filter>Header Files</Filter>
    </ClInclude>
    <ClInclude Include="D:\GitHub\FreeRDP\libfreerdp\core\errinfo.h">
      <Filter>Header Files</Filter>
    </ClInclude>
    <ClInclude Include="D:\GitHub\FreeRDP\libfreerdp\core\security.h">
      <Filter>Header Files</Filter>
    </ClInclude>
    <ClInclude Include="D:\GitHub\FreeRDP\libfreerdp\core\orders.h">
      <Filter>Header Files</Filter>
    </ClInclude>
    <ClInclude Include="D:\GitHub\FreeRDP\libfreerdp\core\client.h">
      <Filter>Header Files</Filter>
    </ClInclude>
    <ClInclude Include="D:\GitHub\FreeRDP\libfreerdp\core\server.h">
      <Filter>Header Files</Filter>
    </ClInclude>
    <ClInclude Include="D:\GitHub\FreeRDP\libfreerdp\core\capabilities.h">
      <Filter>Header Files</Filter>
    </ClInclude>
    <ClInclude Include="D:\GitHub\FreeRDP\libfreerdp\core\certificate.h">
      <Filter>Header Files</Filter>
    </ClInclude>
    <ClInclude Include="D:\GitHub\FreeRDP\libfreerdp\core\connection.h">
      <Filter>Header Files</Filter>
    </ClInclude>
    <ClInclude Include="D:\GitHub\FreeRDP\libfreerdp\core\redirection.h">
      <Filter>Header Files</Filter>
    </ClInclude>
    <ClInclude Include="D:\GitHub\FreeRDP\libfreerdp\core\autodetect.h">
      <Filter>Header Files</Filter>
    </ClInclude>
    <ClInclude Include="D:\GitHub\FreeRDP\libfreerdp\core\heartbeat.h">
      <Filter>Header Files</Filter>
    </ClInclude>
    <ClInclude Include="D:\GitHub\FreeRDP\libfreerdp\core\multitransport.h">
      <Filter>Header Files</Filter>
    </ClInclude>
    <ClInclude Include="D:\GitHub\FreeRDP\libfreerdp\core\timezone.h">
      <Filter>Header Files</Filter>
    </ClInclude>
    <ClInclude Include="D:\GitHub\FreeRDP\libfreerdp\core\rdp.h">
      <Filter>Header Files</Filter>
    </ClInclude>
    <ClInclude Include="D:\GitHub\FreeRDP\libfreerdp\core\tcp.h">
      <Filter>Header Files</Filter>
    </ClInclude>
    <ClInclude Include="D:\GitHub\FreeRDP\libfreerdp\core\proxy.h">
      <Filter>Header Files</Filter>
    </ClInclude>
    <ClInclude Include="D:\GitHub\FreeRDP\libfreerdp\core\tpdu.h">
      <Filter>Header Files</Filter>
    </ClInclude>
    <ClInclude Include="D:\GitHub\FreeRDP\libfreerdp\core\tpkt.h">
      <Filter>Header Files</Filter>
    </ClInclude>
    <ClInclude Include="D:\GitHub\FreeRDP\libfreerdp\core\fastpath.h">
      <Filter>Header Files</Filter>
    </ClInclude>
    <ClInclude Include="D:\GitHub\FreeRDP\libfreerdp\core\surface.h">
      <Filter>Header Files</Filter>
    </ClInclude>
    <ClInclude Include="D:\GitHub\FreeRDP\libfreerdp\core\transport.h">
      <Filter>Header Files</Filter>
    </ClInclude>
    <ClInclude Include="D:\GitHub\FreeRDP\libfreerdp\core\update.h">
      <Filter>Header Files</Filter>
    </ClInclude>
    <ClInclude Include="D:\GitHub\FreeRDP\libfreerdp\core\message.h">
      <Filter>Header Files</Filter>
    </ClInclude>
    <ClInclude Include="D:\GitHub\FreeRDP\libfreerdp\core\channels.h">
      <Filter>Header Files</Filter>
    </ClInclude>
    <ClInclude Include="D:\GitHub\FreeRDP\libfreerdp\core\window.h">
      <Filter>Header Files</Filter>
    </ClInclude>
    <ClInclude Include="D:\GitHub\FreeRDP\libfreerdp\core\listener.h">
      <Filter>Header Files</Filter>
    </ClInclude>
    <ClInclude Include="D:\GitHub\FreeRDP\libfreerdp\core\peer.h">
      <Filter>Header Files</Filter>
    </ClInclude>
    <ClInclude Include="D:\GitHub\FreeRDP\libfreerdp\core\gateway\tsg.h">
      <Filter>Header Files</Filter>
    </ClInclude>
    <ClInclude Include="D:\GitHub\FreeRDP\libfreerdp\core\gateway\rdg.h">
      <Filter>Header Files</Filter>
    </ClInclude>
    <ClInclude Include="D:\GitHub\FreeRDP\libfreerdp\core\gateway\rpc.h">
      <Filter>Header Files</Filter>
    </ClInclude>
    <ClInclude Include="D:\GitHub\FreeRDP\libfreerdp\core\gateway\rpc_bind.h">
      <Filter>Header Files</Filter>
    </ClInclude>
    <ClInclude Include="D:\GitHub\FreeRDP\libfreerdp\core\gateway\rpc_client.h">
      <Filter>Header Files</Filter>
    </ClInclude>
    <ClInclude Include="D:\GitHub\FreeRDP\libfreerdp\core\gateway\rpc_fault.h">
      <Filter>Header Files</Filter>
    </ClInclude>
    <ClInclude Include="D:\GitHub\FreeRDP\libfreerdp\core\gateway\rts.h">
      <Filter>Header Files</Filter>
    </ClInclude>
    <ClInclude Include="D:\GitHub\FreeRDP\libfreerdp\core\gateway\rts_signature.h">
      <Filter>Header Files</Filter>
    </ClInclude>
    <ClInclude Include="D:\GitHub\FreeRDP\libfreerdp\core\gateway\ntlm.h">
      <Filter>Header Files</Filter>
    </ClInclude>
    <ClInclude Include="D:\GitHub\FreeRDP\libfreerdp\core\gateway\http.h">
      <Filter>Header Files</Filter>
    </ClInclude>
    <ClInclude Include="D:\GitHub\FreeRDP\libfreerdp\core\gateway\ncacn_http.h">
      <Filter>Header Files</Filter>
    </ClInclude>
    <ClInclude Include="D:\GitHub\FreeRDP\libfreerdp\codec\rfx_bitstream.h">
      <Filter>Header Files</Filter>
    </ClInclude>
    <ClInclude Include="D:\GitHub\FreeRDP\libfreerdp\codec\rfx_constants.h">
      <Filter>Header Files</Filter>
    </ClInclude>
    <ClInclude Include="D:\GitHub\FreeRDP\libfreerdp\codec\rfx_decode.h">
      <Filter>Header Files</Filter>
    </ClInclude>
    <ClInclude Include="D:\GitHub\FreeRDP\libfreerdp\codec\rfx_differential.h">
      <Filter>Header Files</Filter>
    </ClInclude>
    <ClInclude Include="D:\GitHub\FreeRDP\libfreerdp\codec\rfx_dwt.h">
      <Filter>Header Files</Filter>
    </ClInclude>
    <ClInclude Include="D:\GitHub\FreeRDP\libfreerdp\codec\rfx_encode.h">
      <Filter>Header Files</Filter>
    </ClInclude>
    <ClInclude Include="D:\GitHub\FreeRDP\libfreerdp\codec\rfx_quantization.h">
      <Filter>Header Files</Filter>
    </ClInclude>
    <ClInclude Include="D:\GitHub\FreeRDP\libfreerdp\codec\rfx_rlgr.h">
      <Filter>Header Files</Filter>
    </ClInclude>
    <ClInclude Include="D:\GitHub\FreeRDP\libfreerdp\codec\rfx_types.h">
      <Filter>Header Files</Filter>
    </ClInclude>
    <ClInclude Include="D:\GitHub\FreeRDP\libfreerdp\codec\nsc_encode.h">
      <Filter>Header Files</Filter>
    </ClInclude>
    <ClInclude Include="D:\GitHub\FreeRDP\libfreerdp\codec\nsc_types.h">
      <Filter>Header Files</Filter>
    </ClInclude>
    <ClInclude Include="D:\GitHub\FreeRDP\libfreerdp\codec\rfx_sse2.h">
      <Filter>Header Files</Filter>
    </ClInclude>
    <ClInclude Include="D:\GitHub\FreeRDP\libfreerdp\codec\nsc_sse2.h">
      <Filter>Header Files</Filter>
    </ClInclude>
    <ClInclude Include="D:\GitHub\FreeRDP\libfreerdp\primitives\prim_internal.h">
      <Filter>Header Files</Filter>
    </ClInclude>
  </ItemGroup>
  <ItemGroup>
    <ResourceCompile Include="D:\GitHub\FreeRDP\libfreerdp\version.rc">
      <Filter>Source Files</Filter>
    </ResourceCompile>
  </ItemGroup>
  <ItemGroup>
    <Filter Include="Header Files">
      <UniqueIdentifier>{51087120-252D-35EA-96AE-55F6724B9655}</UniqueIdentifier>
    </Filter>
    <Filter Include="Source Files">
      <UniqueIdentifier>{A899640F-ECAE-3163-B907-1EF18CB362F4}</UniqueIdentifier>
    </Filter>
  </ItemGroup>
</Project>
