<?xml version="1.0" encoding="utf-8"?>
<Project ToolsVersion="15.0" xmlns="http://schemas.microsoft.com/developer/msbuild/2003">
  <ItemGroup>
    <ClCompile Include="D:\GitHub\FreeRDP\channels\rdpsnd\client\winmm\rdpsnd_winmm.c">
      <Filter>Source Files</Filter>
    </ClCompile>
  </ItemGroup>
  <ItemGroup>
    <Filter Include="Source Files">
      <UniqueIdentifier>{A899640F-ECAE-3163-B907-1EF18CB362F4}</UniqueIdentifier>
    </Filter>
  </ItemGroup>
</Project>
