Microsoft Visual Studio Solution File, Format Version 12.00
# Visual Studio 15
Project("{2150E333-8FDC-42A3-9474-1A3956D46DE8}") = "CMakePredefinedTargets", "CMakePredefinedTargets", "{D2429FCC-B756-327A-85CA-FD9966A649B2}"
EndProject
Project("{2150E333-8FDC-42A3-9474-1A3956D46DE8}") = "FreeRDP", "FreeRDP", "{5FF300D2-E72C-3DE6-8C33-846E86135D23}"
EndProject
Project("{2150E333-8FDC-42A3-9474-1A3956D46DE8}") = "libfreerdp", "FreeRDP\libfreerdp", "{795A1705-DAC5-3BF7-A079-BBA0A700F082}"
EndProject
Project("{2150E333-8FDC-42A3-9474-1A3956D46DE8}") = "RdTk", "RdTk", "{64BFAF69-3D92-34BB-8D32-9747141F64AF}"
EndProject
Project("{2150E333-8FDC-42A3-9474-1A3956D46DE8}") = "WinPR", "WinPR", "{97B58667-315C-3DB2-ADF4-67800328BB8A}"
EndProject
Project("{2150E333-8FDC-42A3-9474-1A3956D46DE8}") = "libwinpr", "WinPR\libwinpr", "{EDDC1978-F62A-3B94-A0EF-4F00591512BA}"
EndProject
Project("{8BC9CEB8-8B4A-11D0-8D11-00A0C91BC942}") = "ALL_BUILD", "ALL_BUILD.vcxproj", "{43150125-4D1D-3331-97B4-988CC08FCDBD}"
	ProjectSection(ProjectDependencies) = postProject
		{C4F554EF-0DD1-328B-B100-6445D33A0B5A} = {C4F554EF-0DD1-328B-B100-6445D33A0B5A}
	EndProjectSection
EndProject
Project("{8BC9CEB8-8B4A-11D0-8D11-00A0C91BC942}") = "INSTALL", "INSTALL.vcxproj", "{D4125AEF-D2CE-3793-BC04-61050A9ECF27}"
	ProjectSection(ProjectDependencies) = postProject
		{43150125-4D1D-3331-97B4-988CC08FCDBD} = {43150125-4D1D-3331-97B4-988CC08FCDBD}
	EndProjectSection
EndProject
Project("{8BC9CEB8-8B4A-11D0-8D11-00A0C91BC942}") = "PACKAGE", "PACKAGE.vcxproj", "{234F8268-E0D9-3E8B-9E45-301BEFF89E3D}"
	ProjectSection(ProjectDependencies) = postProject
		{43150125-4D1D-3331-97B4-988CC08FCDBD} = {43150125-4D1D-3331-97B4-988CC08FCDBD}
	EndProjectSection
EndProject
Project("{8BC9CEB8-8B4A-11D0-8D11-00A0C91BC942}") = "freerdp", "..\libfreerdp\freerdp.vcxproj", "{D9CEE91F-AF47-315B-A6F9-3582C0EE6BBE}"
	ProjectSection(ProjectDependencies) = postProject
		{6CEF80CC-1806-31DC-B31B-F03F7BA7FB5F} = {6CEF80CC-1806-31DC-B31B-F03F7BA7FB5F}
	EndProjectSection
EndProject
Project("{8BC9CEB8-8B4A-11D0-8D11-00A0C91BC942}") = "rdtk", "librdtk\rdtk.vcxproj", "{C4F554EF-0DD1-328B-B100-6445D33A0B5A}"
	ProjectSection(ProjectDependencies) = postProject
		{D9CEE91F-AF47-315B-A6F9-3582C0EE6BBE} = {D9CEE91F-AF47-315B-A6F9-3582C0EE6BBE}
		{6CEF80CC-1806-31DC-B31B-F03F7BA7FB5F} = {6CEF80CC-1806-31DC-B31B-F03F7BA7FB5F}
	EndProjectSection
EndProject
Project("{8BC9CEB8-8B4A-11D0-8D11-00A0C91BC942}") = "winpr", "..\winpr\libwinpr\winpr.vcxproj", "{6CEF80CC-1806-31DC-B31B-F03F7BA7FB5F}"
	ProjectSection(ProjectDependencies) = postProject
	EndProjectSection
EndProject
Global
	GlobalSection(SolutionConfigurationPlatforms) = preSolution
		Debug|Win32 = Debug|Win32
		Release|Win32 = Release|Win32
		MinSizeRel|Win32 = MinSizeRel|Win32
		RelWithDebInfo|Win32 = RelWithDebInfo|Win32
	EndGlobalSection
	GlobalSection(ProjectConfigurationPlatforms) = postSolution
		{43150125-4D1D-3331-97B4-988CC08FCDBD}.Debug|Win32.ActiveCfg = Debug|Win32
		{43150125-4D1D-3331-97B4-988CC08FCDBD}.Debug|Win32.Build.0 = Debug|Win32
		{43150125-4D1D-3331-97B4-988CC08FCDBD}.Release|Win32.ActiveCfg = Release|Win32
		{43150125-4D1D-3331-97B4-988CC08FCDBD}.Release|Win32.Build.0 = Release|Win32
		{43150125-4D1D-3331-97B4-988CC08FCDBD}.MinSizeRel|Win32.ActiveCfg = MinSizeRel|Win32
		{43150125-4D1D-3331-97B4-988CC08FCDBD}.MinSizeRel|Win32.Build.0 = MinSizeRel|Win32
		{43150125-4D1D-3331-97B4-988CC08FCDBD}.RelWithDebInfo|Win32.ActiveCfg = RelWithDebInfo|Win32
		{43150125-4D1D-3331-97B4-988CC08FCDBD}.RelWithDebInfo|Win32.Build.0 = RelWithDebInfo|Win32
		{D4125AEF-D2CE-3793-BC04-61050A9ECF27}.Debug|Win32.ActiveCfg = Debug|Win32
		{D4125AEF-D2CE-3793-BC04-61050A9ECF27}.Release|Win32.ActiveCfg = Release|Win32
		{D4125AEF-D2CE-3793-BC04-61050A9ECF27}.MinSizeRel|Win32.ActiveCfg = MinSizeRel|Win32
		{D4125AEF-D2CE-3793-BC04-61050A9ECF27}.RelWithDebInfo|Win32.ActiveCfg = RelWithDebInfo|Win32
		{234F8268-E0D9-3E8B-9E45-301BEFF89E3D}.Debug|Win32.ActiveCfg = Debug|Win32
		{234F8268-E0D9-3E8B-9E45-301BEFF89E3D}.Release|Win32.ActiveCfg = Release|Win32
		{234F8268-E0D9-3E8B-9E45-301BEFF89E3D}.MinSizeRel|Win32.ActiveCfg = MinSizeRel|Win32
		{234F8268-E0D9-3E8B-9E45-301BEFF89E3D}.RelWithDebInfo|Win32.ActiveCfg = RelWithDebInfo|Win32
		{D9CEE91F-AF47-315B-A6F9-3582C0EE6BBE}.Debug|Win32.ActiveCfg = Debug|Win32
		{D9CEE91F-AF47-315B-A6F9-3582C0EE6BBE}.Debug|Win32.Build.0 = Debug|Win32
		{D9CEE91F-AF47-315B-A6F9-3582C0EE6BBE}.Release|Win32.ActiveCfg = Release|Win32
		{D9CEE91F-AF47-315B-A6F9-3582C0EE6BBE}.Release|Win32.Build.0 = Release|Win32
		{D9CEE91F-AF47-315B-A6F9-3582C0EE6BBE}.MinSizeRel|Win32.ActiveCfg = MinSizeRel|Win32
		{D9CEE91F-AF47-315B-A6F9-3582C0EE6BBE}.MinSizeRel|Win32.Build.0 = MinSizeRel|Win32
		{D9CEE91F-AF47-315B-A6F9-3582C0EE6BBE}.RelWithDebInfo|Win32.ActiveCfg = RelWithDebInfo|Win32
		{D9CEE91F-AF47-315B-A6F9-3582C0EE6BBE}.RelWithDebInfo|Win32.Build.0 = RelWithDebInfo|Win32
		{C4F554EF-0DD1-328B-B100-6445D33A0B5A}.Debug|Win32.ActiveCfg = Debug|Win32
		{C4F554EF-0DD1-328B-B100-6445D33A0B5A}.Debug|Win32.Build.0 = Debug|Win32
		{C4F554EF-0DD1-328B-B100-6445D33A0B5A}.Release|Win32.ActiveCfg = Release|Win32
		{C4F554EF-0DD1-328B-B100-6445D33A0B5A}.Release|Win32.Build.0 = Release|Win32
		{C4F554EF-0DD1-328B-B100-6445D33A0B5A}.MinSizeRel|Win32.ActiveCfg = MinSizeRel|Win32
		{C4F554EF-0DD1-328B-B100-6445D33A0B5A}.MinSizeRel|Win32.Build.0 = MinSizeRel|Win32
		{C4F554EF-0DD1-328B-B100-6445D33A0B5A}.RelWithDebInfo|Win32.ActiveCfg = RelWithDebInfo|Win32
		{C4F554EF-0DD1-328B-B100-6445D33A0B5A}.RelWithDebInfo|Win32.Build.0 = RelWithDebInfo|Win32
		{6CEF80CC-1806-31DC-B31B-F03F7BA7FB5F}.Debug|Win32.ActiveCfg = Debug|Win32
		{6CEF80CC-1806-31DC-B31B-F03F7BA7FB5F}.Debug|Win32.Build.0 = Debug|Win32
		{6CEF80CC-1806-31DC-B31B-F03F7BA7FB5F}.Release|Win32.ActiveCfg = Release|Win32
		{6CEF80CC-1806-31DC-B31B-F03F7BA7FB5F}.Release|Win32.Build.0 = Release|Win32
		{6CEF80CC-1806-31DC-B31B-F03F7BA7FB5F}.MinSizeRel|Win32.ActiveCfg = MinSizeRel|Win32
		{6CEF80CC-1806-31DC-B31B-F03F7BA7FB5F}.MinSizeRel|Win32.Build.0 = MinSizeRel|Win32
		{6CEF80CC-1806-31DC-B31B-F03F7BA7FB5F}.RelWithDebInfo|Win32.ActiveCfg = RelWithDebInfo|Win32
		{6CEF80CC-1806-31DC-B31B-F03F7BA7FB5F}.RelWithDebInfo|Win32.Build.0 = RelWithDebInfo|Win32
	EndGlobalSection
	GlobalSection(NestedProjects) = preSolution
		{43150125-4D1D-3331-97B4-988CC08FCDBD} = {D2429FCC-B756-327A-85CA-FD9966A649B2}
		{D4125AEF-D2CE-3793-BC04-61050A9ECF27} = {D2429FCC-B756-327A-85CA-FD9966A649B2}
		{234F8268-E0D9-3E8B-9E45-301BEFF89E3D} = {D2429FCC-B756-327A-85CA-FD9966A649B2}
		{795A1705-DAC5-3BF7-A079-BBA0A700F082} = {5FF300D2-E72C-3DE6-8C33-846E86135D23}
		{D9CEE91F-AF47-315B-A6F9-3582C0EE6BBE} = {795A1705-DAC5-3BF7-A079-BBA0A700F082}
		{C4F554EF-0DD1-328B-B100-6445D33A0B5A} = {64BFAF69-3D92-34BB-8D32-9747141F64AF}
		{EDDC1978-F62A-3B94-A0EF-4F00591512BA} = {97B58667-315C-3DB2-ADF4-67800328BB8A}
		{6CEF80CC-1806-31DC-B31B-F03F7BA7FB5F} = {EDDC1978-F62A-3B94-A0EF-4F00591512BA}
	EndGlobalSection
	GlobalSection(ExtensibilityGlobals) = postSolution
		SolutionGuid = {5E8EAA5B-DEDC-3DEC-B71F-0CED8729C615}
	EndGlobalSection
	GlobalSection(ExtensibilityAddIns) = postSolution
	EndGlobalSection
EndGlobal
