Microsoft Visual Studio Solution File, Format Version 12.00
# Visual Studio 15
Project("{2150E333-8FDC-42A3-9474-1A3956D46DE8}") = "CMakePredefinedTargets", "CMakePredefinedTargets", "{D24918BF-F770-35D7-AAF5-5E1A918FB826}"
EndProject
Project("{2150E333-8FDC-42A3-9474-1A3956D46DE8}") = "FreeRDP", "FreeRDP", "{ECCDF33E-AEA6-39BF-9404-AE8F2914D295}"
EndProject
Project("{2150E333-8FDC-42A3-9474-1A3956D46DE8}") = "libfreerdp", "FreeRDP\libfreerdp", "{67AD1A95-CF33-3B7A-B2C6-D96636A8B229}"
EndProject
Project("{2150E333-8FDC-42A3-9474-1A3956D46DE8}") = "RdTk", "RdTk", "{E556E63A-4136-3D1B-9DF8-1F8F7A692320}"
EndProject
Project("{2150E333-8FDC-42A3-9474-1A3956D46DE8}") = "WinPR", "WinPR", "{C7EEA3E4-5FED-352B-93C2-86CAF5B05F1B}"
EndProject
Project("{2150E333-8FDC-42A3-9474-1A3956D46DE8}") = "libwinpr", "WinPR\libwinpr", "{0F5123CA-19B8-350A-BD4F-A4DB94D0D0D6}"
EndProject
Project("{8BC9CEB8-8B4A-11D0-8D11-00A0C91BC942}") = "ALL_BUILD", "ALL_BUILD.vcxproj", "{72DB73EE-70A1-3FFF-BF66-0075EAA0494E}"
	ProjectSection(ProjectDependencies) = postProject
		{0064267A-6CAC-30B7-9B29-F18C8E4C9DB5} = {0064267A-6CAC-30B7-9B29-F18C8E4C9DB5}
	EndProjectSection
EndProject
Project("{8BC9CEB8-8B4A-11D0-8D11-00A0C91BC942}") = "INSTALL", "INSTALL.vcxproj", "{FF17215D-0397-37F1-847C-FD6D72281FC5}"
	ProjectSection(ProjectDependencies) = postProject
		{72DB73EE-70A1-3FFF-BF66-0075EAA0494E} = {72DB73EE-70A1-3FFF-BF66-0075EAA0494E}
	EndProjectSection
EndProject
Project("{8BC9CEB8-8B4A-11D0-8D11-00A0C91BC942}") = "PACKAGE", "PACKAGE.vcxproj", "{30AE572E-53FF-368D-88F0-11BB595C67D7}"
	ProjectSection(ProjectDependencies) = postProject
		{72DB73EE-70A1-3FFF-BF66-0075EAA0494E} = {72DB73EE-70A1-3FFF-BF66-0075EAA0494E}
	EndProjectSection
EndProject
Project("{8BC9CEB8-8B4A-11D0-8D11-00A0C91BC942}") = "freerdp", "..\libfreerdp\freerdp.vcxproj", "{74F34DD4-5EDC-3BDF-9433-A4D5A5152B32}"
	ProjectSection(ProjectDependencies) = postProject
		{25A02BD2-E6CA-3248-86D6-0A18B3EF81AF} = {25A02BD2-E6CA-3248-86D6-0A18B3EF81AF}
	EndProjectSection
EndProject
Project("{8BC9CEB8-8B4A-11D0-8D11-00A0C91BC942}") = "rdtk", "librdtk\rdtk.vcxproj", "{0064267A-6CAC-30B7-9B29-F18C8E4C9DB5}"
	ProjectSection(ProjectDependencies) = postProject
		{74F34DD4-5EDC-3BDF-9433-A4D5A5152B32} = {74F34DD4-5EDC-3BDF-9433-A4D5A5152B32}
		{25A02BD2-E6CA-3248-86D6-0A18B3EF81AF} = {25A02BD2-E6CA-3248-86D6-0A18B3EF81AF}
	EndProjectSection
EndProject
Project("{8BC9CEB8-8B4A-11D0-8D11-00A0C91BC942}") = "winpr", "..\winpr\libwinpr\winpr.vcxproj", "{25A02BD2-E6CA-3248-86D6-0A18B3EF81AF}"
	ProjectSection(ProjectDependencies) = postProject
	EndProjectSection
EndProject
Global
	GlobalSection(SolutionConfigurationPlatforms) = preSolution
		Debug|Win32 = Debug|Win32
		Release|Win32 = Release|Win32
		MinSizeRel|Win32 = MinSizeRel|Win32
		RelWithDebInfo|Win32 = RelWithDebInfo|Win32
	EndGlobalSection
	GlobalSection(ProjectConfigurationPlatforms) = postSolution
		{72DB73EE-70A1-3FFF-BF66-0075EAA0494E}.Debug|Win32.ActiveCfg = Debug|Win32
		{72DB73EE-70A1-3FFF-BF66-0075EAA0494E}.Debug|Win32.Build.0 = Debug|Win32
		{72DB73EE-70A1-3FFF-BF66-0075EAA0494E}.Release|Win32.ActiveCfg = Release|Win32
		{72DB73EE-70A1-3FFF-BF66-0075EAA0494E}.Release|Win32.Build.0 = Release|Win32
		{72DB73EE-70A1-3FFF-BF66-0075EAA0494E}.MinSizeRel|Win32.ActiveCfg = MinSizeRel|Win32
		{72DB73EE-70A1-3FFF-BF66-0075EAA0494E}.MinSizeRel|Win32.Build.0 = MinSizeRel|Win32
		{72DB73EE-70A1-3FFF-BF66-0075EAA0494E}.RelWithDebInfo|Win32.ActiveCfg = RelWithDebInfo|Win32
		{72DB73EE-70A1-3FFF-BF66-0075EAA0494E}.RelWithDebInfo|Win32.Build.0 = RelWithDebInfo|Win32
		{FF17215D-0397-37F1-847C-FD6D72281FC5}.Debug|Win32.ActiveCfg = Debug|Win32
		{FF17215D-0397-37F1-847C-FD6D72281FC5}.Release|Win32.ActiveCfg = Release|Win32
		{FF17215D-0397-37F1-847C-FD6D72281FC5}.MinSizeRel|Win32.ActiveCfg = MinSizeRel|Win32
		{FF17215D-0397-37F1-847C-FD6D72281FC5}.RelWithDebInfo|Win32.ActiveCfg = RelWithDebInfo|Win32
		{30AE572E-53FF-368D-88F0-11BB595C67D7}.Debug|Win32.ActiveCfg = Debug|Win32
		{30AE572E-53FF-368D-88F0-11BB595C67D7}.Release|Win32.ActiveCfg = Release|Win32
		{30AE572E-53FF-368D-88F0-11BB595C67D7}.MinSizeRel|Win32.ActiveCfg = MinSizeRel|Win32
		{30AE572E-53FF-368D-88F0-11BB595C67D7}.RelWithDebInfo|Win32.ActiveCfg = RelWithDebInfo|Win32
		{74F34DD4-5EDC-3BDF-9433-A4D5A5152B32}.Debug|Win32.ActiveCfg = Debug|Win32
		{74F34DD4-5EDC-3BDF-9433-A4D5A5152B32}.Debug|Win32.Build.0 = Debug|Win32
		{74F34DD4-5EDC-3BDF-9433-A4D5A5152B32}.Release|Win32.ActiveCfg = Release|Win32
		{74F34DD4-5EDC-3BDF-9433-A4D5A5152B32}.Release|Win32.Build.0 = Release|Win32
		{74F34DD4-5EDC-3BDF-9433-A4D5A5152B32}.MinSizeRel|Win32.ActiveCfg = MinSizeRel|Win32
		{74F34DD4-5EDC-3BDF-9433-A4D5A5152B32}.MinSizeRel|Win32.Build.0 = MinSizeRel|Win32
		{74F34DD4-5EDC-3BDF-9433-A4D5A5152B32}.RelWithDebInfo|Win32.ActiveCfg = RelWithDebInfo|Win32
		{74F34DD4-5EDC-3BDF-9433-A4D5A5152B32}.RelWithDebInfo|Win32.Build.0 = RelWithDebInfo|Win32
		{0064267A-6CAC-30B7-9B29-F18C8E4C9DB5}.Debug|Win32.ActiveCfg = Debug|Win32
		{0064267A-6CAC-30B7-9B29-F18C8E4C9DB5}.Debug|Win32.Build.0 = Debug|Win32
		{0064267A-6CAC-30B7-9B29-F18C8E4C9DB5}.Release|Win32.ActiveCfg = Release|Win32
		{0064267A-6CAC-30B7-9B29-F18C8E4C9DB5}.Release|Win32.Build.0 = Release|Win32
		{0064267A-6CAC-30B7-9B29-F18C8E4C9DB5}.MinSizeRel|Win32.ActiveCfg = MinSizeRel|Win32
		{0064267A-6CAC-30B7-9B29-F18C8E4C9DB5}.MinSizeRel|Win32.Build.0 = MinSizeRel|Win32
		{0064267A-6CAC-30B7-9B29-F18C8E4C9DB5}.RelWithDebInfo|Win32.ActiveCfg = RelWithDebInfo|Win32
		{0064267A-6CAC-30B7-9B29-F18C8E4C9DB5}.RelWithDebInfo|Win32.Build.0 = RelWithDebInfo|Win32
		{25A02BD2-E6CA-3248-86D6-0A18B3EF81AF}.Debug|Win32.ActiveCfg = Debug|Win32
		{25A02BD2-E6CA-3248-86D6-0A18B3EF81AF}.Debug|Win32.Build.0 = Debug|Win32
		{25A02BD2-E6CA-3248-86D6-0A18B3EF81AF}.Release|Win32.ActiveCfg = Release|Win32
		{25A02BD2-E6CA-3248-86D6-0A18B3EF81AF}.Release|Win32.Build.0 = Release|Win32
		{25A02BD2-E6CA-3248-86D6-0A18B3EF81AF}.MinSizeRel|Win32.ActiveCfg = MinSizeRel|Win32
		{25A02BD2-E6CA-3248-86D6-0A18B3EF81AF}.MinSizeRel|Win32.Build.0 = MinSizeRel|Win32
		{25A02BD2-E6CA-3248-86D6-0A18B3EF81AF}.RelWithDebInfo|Win32.ActiveCfg = RelWithDebInfo|Win32
		{25A02BD2-E6CA-3248-86D6-0A18B3EF81AF}.RelWithDebInfo|Win32.Build.0 = RelWithDebInfo|Win32
	EndGlobalSection
	GlobalSection(NestedProjects) = preSolution
		{72DB73EE-70A1-3FFF-BF66-0075EAA0494E} = {D24918BF-F770-35D7-AAF5-5E1A918FB826}
		{FF17215D-0397-37F1-847C-FD6D72281FC5} = {D24918BF-F770-35D7-AAF5-5E1A918FB826}
		{30AE572E-53FF-368D-88F0-11BB595C67D7} = {D24918BF-F770-35D7-AAF5-5E1A918FB826}
		{67AD1A95-CF33-3B7A-B2C6-D96636A8B229} = {ECCDF33E-AEA6-39BF-9404-AE8F2914D295}
		{74F34DD4-5EDC-3BDF-9433-A4D5A5152B32} = {67AD1A95-CF33-3B7A-B2C6-D96636A8B229}
		{0064267A-6CAC-30B7-9B29-F18C8E4C9DB5} = {E556E63A-4136-3D1B-9DF8-1F8F7A692320}
		{0F5123CA-19B8-350A-BD4F-A4DB94D0D0D6} = {C7EEA3E4-5FED-352B-93C2-86CAF5B05F1B}
		{25A02BD2-E6CA-3248-86D6-0A18B3EF81AF} = {0F5123CA-19B8-350A-BD4F-A4DB94D0D0D6}
	EndGlobalSection
	GlobalSection(ExtensibilityGlobals) = postSolution
		SolutionGuid = {D7068164-E450-3B1C-93B7-E1EE01A79517}
	EndGlobalSection
	GlobalSection(ExtensibilityAddIns) = postSolution
	EndGlobalSection
EndGlobal
